// !$*UTF8*$!
{
	archiveVersion = 1;
	classes = {
	};
	objectVersion = 50;
	objects = {

/* Begin PBXBuildFile section */
		551CD22D272132070013BE18 /* AppDelegate.swift in Sources */ = {isa = PBXBuildFile; fileRef = 551CD22C272132070013BE18 /* AppDelegate.swift */; };
		551CD22F272132070013BE18 /* SceneDelegate.swift in Sources */ = {isa = PBXBuildFile; fileRef = 551CD22E272132070013BE18 /* SceneDelegate.swift */; };
		551CD231272132070013BE18 /* ViewController.swift in Sources */ = {isa = PBXBuildFile; fileRef = 551CD230272132070013BE18 /* ViewController.swift */; };
		551CD234272132070013BE18 /* Main.storyboard in Resources */ = {isa = PBXBuildFile; fileRef = 551CD232272132070013BE18 /* Main.storyboard */; };
		551CD236272132080013BE18 /* Assets.xcassets in Resources */ = {isa = PBXBuildFile; fileRef = 551CD235272132080013BE18 /* Assets.xcassets */; };
		551CD239272132080013BE18 /* LaunchScreen.storyboard in Resources */ = {isa = PBXBuildFile; fileRef = 551CD237272132080013BE18 /* LaunchScreen.storyboard */; };
		552FAC152716EC8500509BA5 /* AppDelegate.swift in Sources */ = {isa = PBXBuildFile; fileRef = 552FAC142716EC8500509BA5 /* AppDelegate.swift */; };
		552FAC172716EC8500509BA5 /* SceneDelegate.swift in Sources */ = {isa = PBXBuildFile; fileRef = 552FAC162716EC8500509BA5 /* SceneDelegate.swift */; };
		552FAC192716EC8500509BA5 /* ViewController.swift in Sources */ = {isa = PBXBuildFile; fileRef = 552FAC182716EC8500509BA5 /* ViewController.swift */; };
		552FAC1C2716EC8500509BA5 /* Main.storyboard in Resources */ = {isa = PBXBuildFile; fileRef = 552FAC1A2716EC8500509BA5 /* Main.storyboard */; };
		552FAC1E2716EC8600509BA5 /* Assets.xcassets in Resources */ = {isa = PBXBuildFile; fileRef = 552FAC1D2716EC8600509BA5 /* Assets.xcassets */; };
		552FAC212716EC8600509BA5 /* LaunchScreen.storyboard in Resources */ = {isa = PBXBuildFile; fileRef = 552FAC1F2716EC8600509BA5 /* LaunchScreen.storyboard */; };
		552FAC3D2717031E00509BA5 /* AppDelegate.swift in Sources */ = {isa = PBXBuildFile; fileRef = 552FAC3C2717031E00509BA5 /* AppDelegate.swift */; };
		552FAC3F2717031E00509BA5 /* SceneDelegate.swift in Sources */ = {isa = PBXBuildFile; fileRef = 552FAC3E2717031E00509BA5 /* SceneDelegate.swift */; };
		552FAC412717031E00509BA5 /* ViewController.swift in Sources */ = {isa = PBXBuildFile; fileRef = 552FAC402717031E00509BA5 /* ViewController.swift */; };
		552FAC442717031E00509BA5 /* Main.storyboard in Resources */ = {isa = PBXBuildFile; fileRef = 552FAC422717031E00509BA5 /* Main.storyboard */; };
		552FAC462717032000509BA5 /* Assets.xcassets in Resources */ = {isa = PBXBuildFile; fileRef = 552FAC452717032000509BA5 /* Assets.xcassets */; };
		552FAC492717032000509BA5 /* LaunchScreen.storyboard in Resources */ = {isa = PBXBuildFile; fileRef = 552FAC472717032000509BA5 /* LaunchScreen.storyboard */; };
/* End PBXBuildFile section */

/* Begin PBXFileReference section */
		551CD22A272132070013BE18 /* mission.app */ = {isa = PBXFileReference; explicitFileType = wrapper.application; includeInIndex = 0; path = mission.app; sourceTree = BUILT_PRODUCTS_DIR; };
		551CD22C272132070013BE18 /* AppDelegate.swift */ = {isa = PBXFileReference; lastKnownFileType = sourcecode.swift; path = AppDelegate.swift; sourceTree = "<group>"; };
		551CD22E272132070013BE18 /* SceneDelegate.swift */ = {isa = PBXFileReference; lastKnownFileType = sourcecode.swift; path = SceneDelegate.swift; sourceTree = "<group>"; };
		551CD230272132070013BE18 /* ViewController.swift */ = {isa = PBXFileReference; lastKnownFileType = sourcecode.swift; path = ViewController.swift; sourceTree = "<group>"; };
		551CD233272132070013BE18 /* Base */ = {isa = PBXFileReference; lastKnownFileType = file.storyboard; name = Base; path = Base.lproj/Main.storyboard; sourceTree = "<group>"; };
		551CD235272132080013BE18 /* Assets.xcassets */ = {isa = PBXFileReference; lastKnownFileType = folder.assetcatalog; path = Assets.xcassets; sourceTree = "<group>"; };
		551CD238272132080013BE18 /* Base */ = {isa = PBXFileReference; lastKnownFileType = file.storyboard; name = Base; path = Base.lproj/LaunchScreen.storyboard; sourceTree = "<group>"; };
		551CD23A272132080013BE18 /* Info.plist */ = {isa = PBXFileReference; lastKnownFileType = text.plist.xml; path = Info.plist; sourceTree = "<group>"; };
		552FAC112716EC8500509BA5 /* day_03.app */ = {isa = PBXFileReference; explicitFileType = wrapper.application; includeInIndex = 0; path = day_03.app; sourceTree = BUILT_PRODUCTS_DIR; };
		552FAC142716EC8500509BA5 /* AppDelegate.swift */ = {isa = PBXFileReference; lastKnownFileType = sourcecode.swift; path = AppDelegate.swift; sourceTree = "<group>"; };
		552FAC162716EC8500509BA5 /* SceneDelegate.swift */ = {isa = PBXFileReference; lastKnownFileType = sourcecode.swift; path = SceneDelegate.swift; sourceTree = "<group>"; };
		552FAC182716EC8500509BA5 /* ViewController.swift */ = {isa = PBXFileReference; lastKnownFileType = sourcecode.swift; path = ViewController.swift; sourceTree = "<group>"; };
		552FAC1B2716EC8500509BA5 /* Base */ = {isa = PBXFileReference; lastKnownFileType = file.storyboard; name = Base; path = Base.lproj/Main.storyboard; sourceTree = "<group>"; };
		552FAC1D2716EC8600509BA5 /* Assets.xcassets */ = {isa = PBXFileReference; lastKnownFileType = folder.assetcatalog; path = Assets.xcassets; sourceTree = "<group>"; };
		552FAC202716EC8600509BA5 /* Base */ = {isa = PBXFileReference; lastKnownFileType = file.storyboard; name = Base; path = Base.lproj/LaunchScreen.storyboard; sourceTree = "<group>"; };
		552FAC222716EC8600509BA5 /* Info.plist */ = {isa = PBXFileReference; lastKnownFileType = text.plist.xml; path = Info.plist; sourceTree = "<group>"; };
		552FAC3A2717031E00509BA5 /* TimerTT.app */ = {isa = PBXFileReference; explicitFileType = wrapper.application; includeInIndex = 0; path = TimerTT.app; sourceTree = BUILT_PRODUCTS_DIR; };
		552FAC3C2717031E00509BA5 /* AppDelegate.swift */ = {isa = PBXFileReference; lastKnownFileType = sourcecode.swift; path = AppDelegate.swift; sourceTree = "<group>"; };
		552FAC3E2717031E00509BA5 /* SceneDelegate.swift */ = {isa = PBXFileReference; lastKnownFileType = sourcecode.swift; path = SceneDelegate.swift; sourceTree = "<group>"; };
		552FAC402717031E00509BA5 /* ViewController.swift */ = {isa = PBXFileReference; lastKnownFileType = sourcecode.swift; path = ViewController.swift; sourceTree = "<group>"; };
		552FAC432717031E00509BA5 /* Base */ = {isa = PBXFileReference; lastKnownFileType = file.storyboard; name = Base; path = Base.lproj/Main.storyboard; sourceTree = "<group>"; };
		552FAC452717032000509BA5 /* Assets.xcassets */ = {isa = PBXFileReference; lastKnownFileType = folder.assetcatalog; path = Assets.xcassets; sourceTree = "<group>"; };
		552FAC482717032000509BA5 /* Base */ = {isa = PBXFileReference; lastKnownFileType = file.storyboard; name = Base; path = Base.lproj/LaunchScreen.storyboard; sourceTree = "<group>"; };
		552FAC4A2717032000509BA5 /* Info.plist */ = {isa = PBXFileReference; lastKnownFileType = text.plist.xml; path = Info.plist; sourceTree = "<group>"; };
/* End PBXFileReference section */

/* Begin PBXFrameworksBuildPhase section */
		551CD227272132070013BE18 /* Frameworks */ = {
			isa = PBXFrameworksBuildPhase;
			buildActionMask = 2147483647;
			files = (
			);
			runOnlyForDeploymentPostprocessing = 0;
		};
		552FAC0E2716EC8500509BA5 /* Frameworks */ = {
			isa = PBXFrameworksBuildPhase;
			buildActionMask = 2147483647;
			files = (
			);
			runOnlyForDeploymentPostprocessing = 0;
		};
		552FAC372717031E00509BA5 /* Frameworks */ = {
			isa = PBXFrameworksBuildPhase;
			buildActionMask = 2147483647;
			files = (
			);
			runOnlyForDeploymentPostprocessing = 0;
		};
/* End PBXFrameworksBuildPhase section */

/* Begin PBXGroup section */
		551CD22B272132070013BE18 /* mission */ = {
			isa = PBXGroup;
			children = (
				551CD22C272132070013BE18 /* AppDelegate.swift */,
				551CD22E272132070013BE18 /* SceneDelegate.swift */,
				551CD230272132070013BE18 /* ViewController.swift */,
				551CD232272132070013BE18 /* Main.storyboard */,
				551CD235272132080013BE18 /* Assets.xcassets */,
				551CD237272132080013BE18 /* LaunchScreen.storyboard */,
				551CD23A272132080013BE18 /* Info.plist */,
			);
			path = mission;
			sourceTree = "<group>";
		};
		552FAC082716EC8500509BA5 = {
			isa = PBXGroup;
			children = (
				552FAC132716EC8500509BA5 /* day_03 */,
				552FAC3B2717031E00509BA5 /* TimerTT */,
				551CD22B272132070013BE18 /* mission */,
				552FAC122716EC8500509BA5 /* Products */,
			);
			sourceTree = "<group>";
		};
		552FAC122716EC8500509BA5 /* Products */ = {
			isa = PBXGroup;
			children = (
				552FAC112716EC8500509BA5 /* day_03.app */,
				552FAC3A2717031E00509BA5 /* TimerTT.app */,
				551CD22A272132070013BE18 /* mission.app */,
			);
			name = Products;
			sourceTree = "<group>";
		};
		552FAC132716EC8500509BA5 /* day_03 */ = {
			isa = PBXGroup;
			children = (
				552FAC142716EC8500509BA5 /* AppDelegate.swift */,
				552FAC162716EC8500509BA5 /* SceneDelegate.swift */,
				552FAC182716EC8500509BA5 /* ViewController.swift */,
				552FAC1A2716EC8500509BA5 /* Main.storyboard */,
				552FAC1D2716EC8600509BA5 /* Assets.xcassets */,
				552FAC1F2716EC8600509BA5 /* LaunchScreen.storyboard */,
				552FAC222716EC8600509BA5 /* Info.plist */,
			);
			path = day_03;
			sourceTree = "<group>";
		};
		552FAC3B2717031E00509BA5 /* TimerTT */ = {
			isa = PBXGroup;
			children = (
				552FAC3C2717031E00509BA5 /* AppDelegate.swift */,
				552FAC3E2717031E00509BA5 /* SceneDelegate.swift */,
				552FAC402717031E00509BA5 /* ViewController.swift */,
				552FAC422717031E00509BA5 /* Main.storyboard */,
				552FAC452717032000509BA5 /* Assets.xcassets */,
				552FAC472717032000509BA5 /* LaunchScreen.storyboard */,
				552FAC4A2717032000509BA5 /* Info.plist */,
			);
			path = TimerTT;
			sourceTree = "<group>";
		};
/* End PBXGroup section */

/* Begin PBXNativeTarget section */
		551CD229272132070013BE18 /* mission */ = {
			isa = PBXNativeTarget;
			buildConfigurationList = 551CD23D272132080013BE18 /* Build configuration list for PBXNativeTarget "mission" */;
			buildPhases = (
				551CD226272132070013BE18 /* Sources */,
				551CD227272132070013BE18 /* Frameworks */,
				551CD228272132070013BE18 /* Resources */,
			);
			buildRules = (
			);
			dependencies = (
			);
			name = mission;
			productName = mission;
			productReference = 551CD22A272132070013BE18 /* mission.app */;
			productType = "com.apple.product-type.application";
		};
		552FAC102716EC8500509BA5 /* day_03 */ = {
			isa = PBXNativeTarget;
			buildConfigurationList = 552FAC252716EC8600509BA5 /* Build configuration list for PBXNativeTarget "day_03" */;
			buildPhases = (
				552FAC0D2716EC8500509BA5 /* Sources */,
				552FAC0E2716EC8500509BA5 /* Frameworks */,
				552FAC0F2716EC8500509BA5 /* Resources */,
			);
			buildRules = (
			);
			dependencies = (
			);
			name = day_03;
			productName = day_03;
			productReference = 552FAC112716EC8500509BA5 /* day_03.app */;
			productType = "com.apple.product-type.application";
		};
		552FAC392717031E00509BA5 /* TimerTT */ = {
			isa = PBXNativeTarget;
			buildConfigurationList = 552FAC4B2717032000509BA5 /* Build configuration list for PBXNativeTarget "TimerTT" */;
			buildPhases = (
				552FAC362717031E00509BA5 /* Sources */,
				552FAC372717031E00509BA5 /* Frameworks */,
				552FAC382717031E00509BA5 /* Resources */,
			);
			buildRules = (
			);
			dependencies = (
			);
			name = TimerTT;
			productName = TimerTT;
			productReference = 552FAC3A2717031E00509BA5 /* TimerTT.app */;
			productType = "com.apple.product-type.application";
		};
/* End PBXNativeTarget section */

/* Begin PBXProject section */
		552FAC092716EC8500509BA5 /* Project object */ = {
			isa = PBXProject;
			attributes = {
				LastSwiftUpdateCheck = 1250;
				LastUpgradeCheck = 1240;
				TargetAttributes = {
					551CD229272132070013BE18 = {
						CreatedOnToolsVersion = 12.5.1;
					};
					552FAC102716EC8500509BA5 = {
						CreatedOnToolsVersion = 12.4;
					};
					552FAC392717031E00509BA5 = {
						CreatedOnToolsVersion = 12.4;
					};
				};
			};
			buildConfigurationList = 552FAC0C2716EC8500509BA5 /* Build configuration list for PBXProject "day_03" */;
			compatibilityVersion = "Xcode 9.3";
			developmentRegion = en;
			hasScannedForEncodings = 0;
			knownRegions = (
				en,
				Base,
			);
			mainGroup = 552FAC082716EC8500509BA5;
			productRefGroup = 552FAC122716EC8500509BA5 /* Products */;
			projectDirPath = "";
			projectRoot = "";
			targets = (
				552FAC102716EC8500509BA5 /* day_03 */,
				552FAC392717031E00509BA5 /* TimerTT */,
				551CD229272132070013BE18 /* mission */,
			);
		};
/* End PBXProject section */

/* Begin PBXResourcesBuildPhase section */
		551CD228272132070013BE18 /* Resources */ = {
			isa = PBXResourcesBuildPhase;
			buildActionMask = 2147483647;
			files = (
				551CD239272132080013BE18 /* LaunchScreen.storyboard in Resources */,
				551CD236272132080013BE18 /* Assets.xcassets in Resources */,
				551CD234272132070013BE18 /* Main.storyboard in Resources */,
			);
			runOnlyForDeploymentPostprocessing = 0;
		};
		552FAC0F2716EC8500509BA5 /* Resources */ = {
			isa = PBXResourcesBuildPhase;
			buildActionMask = 2147483647;
			files = (
				552FAC212716EC8600509BA5 /* LaunchScreen.storyboard in Resources */,
				552FAC1E2716EC8600509BA5 /* Assets.xcassets in Resources */,
				552FAC1C2716EC8500509BA5 /* Main.storyboard in Resources */,
			);
			runOnlyForDeploymentPostprocessing = 0;
		};
		552FAC382717031E00509BA5 /* Resources */ = {
			isa = PBXResourcesBuildPhase;
			buildActionMask = 2147483647;
			files = (
				552FAC492717032000509BA5 /* LaunchScreen.storyboard in Resources */,
				552FAC462717032000509BA5 /* Assets.xcassets in Resources */,
				552FAC442717031E00509BA5 /* Main.storyboard in Resources */,
			);
			runOnlyForDeploymentPostprocessing = 0;
		};
/* End PBXResourcesBuildPhase section */

/* Begin PBXSourcesBuildPhase section */
		551CD226272132070013BE18 /* Sources */ = {
			isa = PBXSourcesBuildPhase;
			buildActionMask = 2147483647;
			files = (
				551CD231272132070013BE18 /* ViewController.swift in Sources */,
				551CD22D272132070013BE18 /* AppDelegate.swift in Sources */,
				551CD22F272132070013BE18 /* SceneDelegate.swift in Sources */,
			);
			runOnlyForDeploymentPostprocessing = 0;
		};
		552FAC0D2716EC8500509BA5 /* Sources */ = {
			isa = PBXSourcesBuildPhase;
			buildActionMask = 2147483647;
			files = (
				552FAC192716EC8500509BA5 /* ViewController.swift in Sources */,
				552FAC152716EC8500509BA5 /* AppDelegate.swift in Sources */,
				552FAC172716EC8500509BA5 /* SceneDelegate.swift in Sources */,
			);
			runOnlyForDeploymentPostprocessing = 0;
		};
		552FAC362717031E00509BA5 /* Sources */ = {
			isa = PBXSourcesBuildPhase;
			buildActionMask = 2147483647;
			files = (
				552FAC412717031E00509BA5 /* ViewController.swift in Sources */,
				552FAC3D2717031E00509BA5 /* AppDelegate.swift in Sources */,
				552FAC3F2717031E00509BA5 /* SceneDelegate.swift in Sources */,
			);
			runOnlyForDeploymentPostprocessing = 0;
		};
/* End PBXSourcesBuildPhase section */

/* Begin PBXVariantGroup section */
		551CD232272132070013BE18 /* Main.storyboard */ = {
			isa = PBXVariantGroup;
			children = (
				551CD233272132070013BE18 /* Base */,
			);
			name = Main.storyboard;
			sourceTree = "<group>";
		};
		551CD237272132080013BE18 /* LaunchScreen.storyboard */ = {
			isa = PBXVariantGroup;
			children = (
				551CD238272132080013BE18 /* Base */,
			);
			name = LaunchScreen.storyboard;
			sourceTree = "<group>";
		};
		552FAC1A2716EC8500509BA5 /* Main.storyboard */ = {
			isa = PBXVariantGroup;
			children = (
				552FAC1B2716EC8500509BA5 /* Base */,
			);
			name = Main.storyboard;
			sourceTree = "<group>";
		};
		552FAC1F2716EC8600509BA5 /* LaunchScreen.storyboard */ = {
			isa = PBXVariantGroup;
			children = (
				552FAC202716EC8600509BA5 /* Base */,
			);
			name = LaunchScreen.storyboard;
			sourceTree = "<group>";
		};
		552FAC422717031E00509BA5 /* Main.storyboard */ = {
			isa = PBXVariantGroup;
			children = (
				552FAC432717031E00509BA5 /* Base */,
			);
			name = Main.storyboard;
			sourceTree = "<group>";
		};
		552FAC472717032000509BA5 /* LaunchScreen.storyboard */ = {
			isa = PBXVariantGroup;
			children = (
				552FAC482717032000509BA5 /* Base */,
			);
			name = LaunchScreen.storyboard;
			sourceTree = "<group>";
		};
/* End PBXVariantGroup section */

/* Begin XCBuildConfiguration section */
		551CD23B272132080013BE18 /* Debug */ = {
			isa = XCBuildConfiguration;
			buildSettings = {
				ASSETCATALOG_COMPILER_APPICON_NAME = AppIcon;
				ASSETCATALOG_COMPILER_GLOBAL_ACCENT_COLOR_NAME = AccentColor;
				CODE_SIGN_STYLE = Automatic;
				DEVELOPMENT_TEAM = 8545YBZ2T8;
				INFOPLIST_FILE = mission/Info.plist;
				IPHONEOS_DEPLOYMENT_TARGET = 14.5;
				LD_RUNPATH_SEARCH_PATHS = (
					"$(inherited)",
					"@executable_path/Frameworks",
				);
				PRODUCT_BUNDLE_IDENTIFIER = com.bonnie.mission;
				PRODUCT_NAME = "$(TARGET_NAME)";
				SWIFT_VERSION = 5.0;
				TARGETED_DEVICE_FAMILY = "1,2";
			};
			name = Debug;
		};
		551CD23C272132080013BE18 /* Release */ = {
			isa = XCBuildConfiguration;
			buildSettings = {
				ASSETCATALOG_COMPILER_APPICON_NAME = AppIcon;
				ASSETCATALOG_COMPILER_GLOBAL_ACCENT_COLOR_NAME = AccentColor;
				CODE_SIGN_STYLE = Automatic;
				DEVELOPMENT_TEAM = 8545YBZ2T8;
				INFOPLIST_FILE = mission/Info.plist;
				IPHONEOS_DEPLOYMENT_TARGET = 14.5;
				LD_RUNPATH_SEARCH_PATHS = (
					"$(inherited)",
					"@executable_path/Frameworks",
				);
				PRODUCT_BUNDLE_IDENTIFIER = com.bonnie.mission;
				PRODUCT_NAME = "$(TARGET_NAME)";
				SWIFT_VERSION = 5.0;
				TARGETED_DEVICE_FAMILY = "1,2";
			};
			name = Release;
		};
		552FAC232716EC8600509BA5 /* Debug */ = {
			isa = XCBuildConfiguration;
			buildSettings = {
				ALWAYS_SEARCH_USER_PATHS = NO;
				CLANG_ANALYZER_NONNULL = YES;
				CLANG_ANALYZER_NUMBER_OBJECT_CONVERSION = YES_AGGRESSIVE;
				CLANG_CXX_LANGUAGE_STANDARD = "gnu++14";
				CLANG_CXX_LIBRARY = "libc++";
				CLANG_ENABLE_MODULES = YES;
				CLANG_ENABLE_OBJC_ARC = YES;
				CLANG_ENABLE_OBJC_WEAK = YES;
				CLANG_WARN_BLOCK_CAPTURE_AUTORELEASING = YES;
				CLANG_WARN_BOOL_CONVERSION = YES;
				CLANG_WARN_COMMA = YES;
				CLANG_WARN_CONSTANT_CONVERSION = YES;
				CLANG_WARN_DEPRECATED_OBJC_IMPLEMENTATIONS = YES;
				CLANG_WARN_DIRECT_OBJC_ISA_USAGE = YES_ERROR;
				CLANG_WARN_DOCUMENTATION_COMMENTS = YES;
				CLANG_WARN_EMPTY_BODY = YES;
				CLANG_WARN_ENUM_CONVERSION = YES;
				CLANG_WARN_INFINITE_RECURSION = YES;
				CLANG_WARN_INT_CONVERSION = YES;
				CLANG_WARN_NON_LITERAL_NULL_CONVERSION = YES;
				CLANG_WARN_OBJC_IMPLICIT_RETAIN_SELF = YES;
				CLANG_WARN_OBJC_LITERAL_CONVERSION = YES;
				CLANG_WARN_OBJC_ROOT_CLASS = YES_ERROR;
				CLANG_WARN_QUOTED_INCLUDE_IN_FRAMEWORK_HEADER = YES;
				CLANG_WARN_RANGE_LOOP_ANALYSIS = YES;
				CLANG_WARN_STRICT_PROTOTYPES = YES;
				CLANG_WARN_SUSPICIOUS_MOVE = YES;
				CLANG_WARN_UNGUARDED_AVAILABILITY = YES_AGGRESSIVE;
				CLANG_WARN_UNREACHABLE_CODE = YES;
				CLANG_WARN__DUPLICATE_METHOD_MATCH = YES;
				COPY_PHASE_STRIP = NO;
				DEBUG_INFORMATION_FORMAT = dwarf;
				ENABLE_STRICT_OBJC_MSGSEND = YES;
				ENABLE_TESTABILITY = YES;
				GCC_C_LANGUAGE_STANDARD = gnu11;
				GCC_DYNAMIC_NO_PIC = NO;
				GCC_NO_COMMON_BLOCKS = YES;
				GCC_OPTIMIZATION_LEVEL = 0;
				GCC_PREPROCESSOR_DEFINITIONS = (
					"DEBUG=1",
					"$(inherited)",
				);
				GCC_WARN_64_TO_32_BIT_CONVERSION = YES;
				GCC_WARN_ABOUT_RETURN_TYPE = YES_ERROR;
				GCC_WARN_UNDECLARED_SELECTOR = YES;
				GCC_WARN_UNINITIALIZED_AUTOS = YES_AGGRESSIVE;
				GCC_WARN_UNUSED_FUNCTION = YES;
				GCC_WARN_UNUSED_VARIABLE = YES;
				IPHONEOS_DEPLOYMENT_TARGET = 14.4;
				MTL_ENABLE_DEBUG_INFO = INCLUDE_SOURCE;
				MTL_FAST_MATH = YES;
				ONLY_ACTIVE_ARCH = YES;
				SDKROOT = iphoneos;
				SWIFT_ACTIVE_COMPILATION_CONDITIONS = DEBUG;
				SWIFT_OPTIMIZATION_LEVEL = "-Onone";
			};
			name = Debug;
		};
		552FAC242716EC8600509BA5 /* Release */ = {
			isa = XCBuildConfiguration;
			buildSettings = {
				ALWAYS_SEARCH_USER_PATHS = NO;
				CLANG_ANALYZER_NONNULL = YES;
				CLANG_ANALYZER_NUMBER_OBJECT_CONVERSION = YES_AGGRESSIVE;
				CLANG_CXX_LANGUAGE_STANDARD = "gnu++14";
				CLANG_CXX_LIBRARY = "libc++";
				CLANG_ENABLE_MODULES = YES;
				CLANG_ENABLE_OBJC_ARC = YES;
				CLANG_ENABLE_OBJC_WEAK = YES;
				CLANG_WARN_BLOCK_CAPTURE_AUTORELEASING = YES;
				CLANG_WARN_BOOL_CONVERSION = YES;
				CLANG_WARN_COMMA = YES;
				CLANG_WARN_CONSTANT_CONVERSION = YES;
				CLANG_WARN_DEPRECATED_OBJC_IMPLEMENTATIONS = YES;
				CLANG_WARN_DIRECT_OBJC_ISA_USAGE = YES_ERROR;
				CLANG_WARN_DOCUMENTATION_COMMENTS = YES;
				CLANG_WARN_EMPTY_BODY = YES;
				CLANG_WARN_ENUM_CONVERSION = YES;
				CLANG_WARN_INFINITE_RECURSION = YES;
				CLANG_WARN_INT_CONVERSION = YES;
				CLANG_WARN_NON_LITERAL_NULL_CONVERSION = YES;
				CLANG_WARN_OBJC_IMPLICIT_RETAIN_SELF = YES;
				CLANG_WARN_OBJC_LITERAL_CONVERSION = YES;
				CLANG_WARN_OBJC_ROOT_CLASS = YES_ERROR;
				CLANG_WARN_QUOTED_INCLUDE_IN_FRAMEWORK_HEADER = YES;
				CLANG_WARN_RANGE_LOOP_ANALYSIS = YES;
				CLANG_WARN_STRICT_PROTOTYPES = YES;
				CLANG_WARN_SUSPICIOUS_MOVE = YES;
				CLANG_WARN_UNGUARDED_AVAILABILITY = YES_AGGRESSIVE;
				CLANG_WARN_UNREACHABLE_CODE = YES;
				CLANG_WARN__DUPLICATE_METHOD_MATCH = YES;
				COPY_PHASE_STRIP = NO;
				DEBUG_INFORMATION_FORMAT = "dwarf-with-dsym";
				ENABLE_NS_ASSERTIONS = NO;
				ENABLE_STRICT_OBJC_MSGSEND = YES;
				GCC_C_LANGUAGE_STANDARD = gnu11;
				GCC_NO_COMMON_BLOCKS = YES;
				GCC_WARN_64_TO_32_BIT_CONVERSION = YES;
				GCC_WARN_ABOUT_RETURN_TYPE = YES_ERROR;
				GCC_WARN_UNDECLARED_SELECTOR = YES;
				GCC_WARN_UNINITIALIZED_AUTOS = YES_AGGRESSIVE;
				GCC_WARN_UNUSED_FUNCTION = YES;
				GCC_WARN_UNUSED_VARIABLE = YES;
				IPHONEOS_DEPLOYMENT_TARGET = 14.4;
				MTL_ENABLE_DEBUG_INFO = NO;
				MTL_FAST_MATH = YES;
				SDKROOT = iphoneos;
				SWIFT_COMPILATION_MODE = wholemodule;
				SWIFT_OPTIMIZATION_LEVEL = "-O";
				VALIDATE_PRODUCT = YES;
			};
			name = Release;
		};
		552FAC262716EC8600509BA5 /* Debug */ = {
			isa = XCBuildConfiguration;
			buildSettings = {
				ASSETCATALOG_COMPILER_APPICON_NAME = AppIcon;
				ASSETCATALOG_COMPILER_GLOBAL_ACCENT_COLOR_NAME = AccentColor;
				CODE_SIGN_STYLE = Automatic;
				DEVELOPMENT_TEAM = 8545YBZ2T8;
				INFOPLIST_FILE = day_03/Info.plist;
				LD_RUNPATH_SEARCH_PATHS = (
					"$(inherited)",
					"@executable_path/Frameworks",
				);
				PRODUCT_BUNDLE_IDENTIFIER = "com.bonnie.day-03";
				PRODUCT_NAME = "$(TARGET_NAME)";
				SWIFT_VERSION = 5.0;
				TARGETED_DEVICE_FAMILY = "1,2";
			};
			name = Debug;
		};
		552FAC272716EC8600509BA5 /* Release */ = {
			isa = XCBuildConfiguration;
			buildSettings = {
				ASSETCATALOG_COMPILER_APPICON_NAME = AppIcon;
				ASSETCATALOG_COMPILER_GLOBAL_ACCENT_COLOR_NAME = AccentColor;
				CODE_SIGN_STYLE = Automatic;
				DEVELOPMENT_TEAM = 8545YBZ2T8;
				INFOPLIST_FILE = day_03/Info.plist;
				LD_RUNPATH_SEARCH_PATHS = (
					"$(inherited)",
					"@executable_path/Frameworks",
				);
				PRODUCT_BUNDLE_IDENTIFIER = "com.bonnie.day-03";
				PRODUCT_NAME = "$(TARGET_NAME)";
				SWIFT_VERSION = 5.0;
				TARGETED_DEVICE_FAMILY = "1,2";
			};
			name = Release;
		};
		552FAC4C2717032000509BA5 /* Debug */ = {
			isa = XCBuildConfiguration;
			buildSettings = {
				ASSETCATALOG_COMPILER_APPICON_NAME = AppIcon;
				ASSETCATALOG_COMPILER_GLOBAL_ACCENT_COLOR_NAME = AccentColor;
				CODE_SIGN_STYLE = Automatic;
				DEVELOPMENT_TEAM = 8545YBZ2T8;
				INFOPLIST_FILE = TimerTT/Info.plist;
				LD_RUNPATH_SEARCH_PATHS = (
					"$(inherited)",
					"@executable_path/Frameworks",
				);
				PRODUCT_BUNDLE_IDENTIFIER = com.bonnie.TimerTT;
				PRODUCT_NAME = "$(TARGET_NAME)";
				SWIFT_VERSION = 5.0;
				TARGETED_DEVICE_FAMILY = "1,2";
			};
			name = Debug;
		};
		552FAC4D2717032000509BA5 /* Release */ = {
			isa = XCBuildConfiguration;
			buildSettings = {
				ASSETCATALOG_COMPILER_APPICON_NAME = AppIcon;
				ASSETCATALOG_COMPILER_GLOBAL_ACCENT_COLOR_NAME = AccentColor;
				CODE_SIGN_STYLE = Automatic;
				DEVELOPMENT_TEAM = 8545YBZ2T8;
				INFOPLIST_FILE = TimerTT/Info.plist;
				LD_RUNPATH_SEARCH_PATHS = (
					"$(inherited)",
					"@executable_path/Frameworks",
				);
				PRODUCT_BUNDLE_IDENTIFIER = com.bonnie.TimerTT;
				PRODUCT_NAME = "$(TARGET_NAME)";
				SWIFT_VERSION = 5.0;
				TARGETED_DEVICE_FAMILY = "1,2";
			};
			name = Release;
		};
/* End XCBuildConfiguration section */

/* Begin XCConfigurationList section */
		551CD23D272132080013BE18 /* Build configuration list for PBXNativeTarget "mission" */ = {
			isa = XCConfigurationList;
			buildConfigurations = (
				551CD23B272132080013BE18 /* Debug */,
				551CD23C272132080013BE18 /* Release */,
			);
			defaultConfigurationIsVisible = 0;
			defaultConfigurationName = Release;
		};
		552FAC0C2716EC8500509BA5 /* Build configuration list for PBXProject "day_03" */ = {
			isa = XCConfigurationList;
			buildConfigurations = (
				552FAC232716EC8600509BA5 /* Debug */,
				552FAC242716EC8600509BA5 /* Release */,
			);
			defaultConfigurationIsVisible = 0;
			defaultConfigurationName = Release;
		};
		552FAC252716EC8600509BA5 /* Build configuration list for PBXNativeTarget "day_03" */ = {
			isa = XCConfigurationList;
			buildConfigurations = (
				552FAC262716EC8600509BA5 /* Debug */,
				552FAC272716EC8600509BA5 /* Release */,
			);
			defaultConfigurationIsVisible = 0;
			defaultConfigurationName = Release;
		};
		552FAC4B2717032000509BA5 /* Build configuration list for PBXNativeTarget "TimerTT" */ = {
			isa = XCConfigurationList;
			buildConfigurations = (
				552FAC4C2717032000509BA5 /* Debug */,
				552FAC4D2717032000509BA5 /* Release */,
			);
			defaultConfigurationIsVisible = 0;
			defaultConfigurationName = Release;
		};
/* End XCConfigurationList section */
	};
	rootObject = 552FAC092716EC8500509BA5 /* Project object */;
}
