// !$*UTF8*$!
{
	archiveVersion = 1;
	classes = {
	};
	objectVersion = 51;
	objects = {

/* Begin PBXBuildFile section */
		55A3B09225F9AB6300000B42 /* AppDelegate.swift in Sources */ = {isa = PBXBuildFile; fileRef = 55A3B09125F9AB6300000B42 /* AppDelegate.swift */; };
		55A3B09425F9AB6300000B42 /* SceneDelegate.swift in Sources */ = {isa = PBXBuildFile; fileRef = 55A3B09325F9AB6300000B42 /* SceneDelegate.swift */; };
		55A3B09625F9AB6300000B42 /* ViewController.swift in Sources */ = {isa = PBXBuildFile; fileRef = 55A3B09525F9AB6300000B42 /* ViewController.swift */; };
		55A3B09925F9AB6300000B42 /* Main.storyboard in Resources */ = {isa = PBXBuildFile; fileRef = 55A3B09725F9AB6300000B42 /* Main.storyboard */; };
		55A3B09C25F9AB6300000B42 /* nodeios.xcdatamodeld in Sources */ = {isa = PBXBuildFile; fileRef = 55A3B09A25F9AB6300000B42 /* nodeios.xcdatamodeld */; };
		55A3B09E25F9AB6600000B42 /* Assets.xcassets in Resources */ = {isa = PBXBuildFile; fileRef = 55A3B09D25F9AB6600000B42 /* Assets.xcassets */; };
		55A3B0A125F9AB6600000B42 /* LaunchScreen.storyboard in Resources */ = {isa = PBXBuildFile; fileRef = 55A3B09F25F9AB6600000B42 /* LaunchScreen.storyboard */; };
		55B1B07925F9B48500482AD1 /* ItemListVC.swift in Sources */ = {isa = PBXBuildFile; fileRef = 55B1B07825F9B48500482AD1 /* ItemListVC.swift */; };
		55B1B07C25F9B87500482AD1 /* item.swift in Sources */ = {isa = PBXBuildFile; fileRef = 55B1B07B25F9B87500482AD1 /* item.swift */; };
		55B1B08225F9E66E00482AD1 /* ItemDetailVC.swift in Sources */ = {isa = PBXBuildFile; fileRef = 55B1B08125F9E66E00482AD1 /* ItemDetailVC.swift */; };
		55B1B08625FB04EA00482AD1 /* ItemInsertVC.swift in Sources */ = {isa = PBXBuildFile; fileRef = 55B1B08525FB04EA00482AD1 /* ItemInsertVC.swift */; };
		5C7CF0DC880185D23EEA4B79 /* Pods_nodeios.framework in Frameworks */ = {isa = PBXBuildFile; fileRef = BFFB07CC48105E1B33A76B81 /* Pods_nodeios.framework */; };
/* End PBXBuildFile section */

/* Begin PBXFileReference section */
		3BD9F6AFF9CA39486631C34E /* Pods-nodeios.debug.xcconfig */ = {isa = PBXFileReference; includeInIndex = 1; lastKnownFileType = text.xcconfig; name = "Pods-nodeios.debug.xcconfig"; path = "Target Support Files/Pods-nodeios/Pods-nodeios.debug.xcconfig"; sourceTree = "<group>"; };
		50BB4046F3272BDB2480B1F9 /* Pods-nodeios.release.xcconfig */ = {isa = PBXFileReference; includeInIndex = 1; lastKnownFileType = text.xcconfig; name = "Pods-nodeios.release.xcconfig"; path = "Target Support Files/Pods-nodeios/Pods-nodeios.release.xcconfig"; sourceTree = "<group>"; };
		55A3B08E25F9AB6300000B42 /* nodeios.app */ = {isa = PBXFileReference; explicitFileType = wrapper.application; includeInIndex = 0; path = nodeios.app; sourceTree = BUILT_PRODUCTS_DIR; };
		55A3B09125F9AB6300000B42 /* AppDelegate.swift */ = {isa = PBXFileReference; lastKnownFileType = sourcecode.swift; path = AppDelegate.swift; sourceTree = "<group>"; };
		55A3B09325F9AB6300000B42 /* SceneDelegate.swift */ = {isa = PBXFileReference; lastKnownFileType = sourcecode.swift; path = SceneDelegate.swift; sourceTree = "<group>"; };
		55A3B09525F9AB6300000B42 /* ViewController.swift */ = {isa = PBXFileReference; lastKnownFileType = sourcecode.swift; path = ViewController.swift; sourceTree = "<group>"; };
		55A3B09825F9AB6300000B42 /* Base */ = {isa = PBXFileReference; lastKnownFileType = file.storyboard; name = Base; path = Base.lproj/Main.storyboard; sourceTree = "<group>"; };
		55A3B09B25F9AB6300000B42 /* nodeios.xcdatamodel */ = {isa = PBXFileReference; lastKnownFileType = wrapper.xcdatamodel; path = nodeios.xcdatamodel; sourceTree = "<group>"; };
		55A3B09D25F9AB6600000B42 /* Assets.xcassets */ = {isa = PBXFileReference; lastKnownFileType = folder.assetcatalog; path = Assets.xcassets; sourceTree = "<group>"; };
		55A3B0A025F9AB6600000B42 /* Base */ = {isa = PBXFileReference; lastKnownFileType = file.storyboard; name = Base; path = Base.lproj/LaunchScreen.storyboard; sourceTree = "<group>"; };
		55A3B0A225F9AB6600000B42 /* Info.plist */ = {isa = PBXFileReference; lastKnownFileType = text.plist.xml; path = Info.plist; sourceTree = "<group>"; };
		55B1B07825F9B48500482AD1 /* ItemListVC.swift */ = {isa = PBXFileReference; lastKnownFileType = sourcecode.swift; path = ItemListVC.swift; sourceTree = "<group>"; };
		55B1B07B25F9B87500482AD1 /* item.swift */ = {isa = PBXFileReference; lastKnownFileType = sourcecode.swift; path = item.swift; sourceTree = "<group>"; };
		55B1B08125F9E66E00482AD1 /* ItemDetailVC.swift */ = {isa = PBXFileReference; lastKnownFileType = sourcecode.swift; path = ItemDetailVC.swift; sourceTree = "<group>"; };
		55B1B08525FB04EA00482AD1 /* ItemInsertVC.swift */ = {isa = PBXFileReference; lastKnownFileType = sourcecode.swift; path = ItemInsertVC.swift; sourceTree = "<group>"; };
		BFFB07CC48105E1B33A76B81 /* Pods_nodeios.framework */ = {isa = PBXFileReference; explicitFileType = wrapper.framework; includeInIndex = 0; path = Pods_nodeios.framework; sourceTree = BUILT_PRODUCTS_DIR; };
/* End PBXFileReference section */

/* Begin PBXFrameworksBuildPhase section */
		55A3B08B25F9AB6300000B42 /* Frameworks */ = {
			isa = PBXFrameworksBuildPhase;
			buildActionMask = 2147483647;
			files = (
				5C7CF0DC880185D23EEA4B79 /* Pods_nodeios.framework in Frameworks */,
			);
			runOnlyForDeploymentPostprocessing = 0;
		};
/* End PBXFrameworksBuildPhase section */

/* Begin PBXGroup section */
		272309D56BE432381F25E7DB /* Frameworks */ = {
			isa = PBXGroup;
			children = (
				BFFB07CC48105E1B33A76B81 /* Pods_nodeios.framework */,
			);
			name = Frameworks;
			sourceTree = "<group>";
		};
		55A3B08525F9AB6300000B42 = {
			isa = PBXGroup;
			children = (
				55A3B09025F9AB6300000B42 /* nodeios */,
				55A3B08F25F9AB6300000B42 /* Products */,
				C0C97EB8F0390359E89FC228 /* Pods */,
				272309D56BE432381F25E7DB /* Frameworks */,
			);
			sourceTree = "<group>";
		};
		55A3B08F25F9AB6300000B42 /* Products */ = {
			isa = PBXGroup;
			children = (
				55A3B08E25F9AB6300000B42 /* nodeios.app */,
			);
			name = Products;
			sourceTree = "<group>";
		};
		55A3B09025F9AB6300000B42 /* nodeios */ = {
			isa = PBXGroup;
			children = (
				55A3B09125F9AB6300000B42 /* AppDelegate.swift */,
				55A3B09325F9AB6300000B42 /* SceneDelegate.swift */,
				55A3B09525F9AB6300000B42 /* ViewController.swift */,
				55A3B09725F9AB6300000B42 /* Main.storyboard */,
				55A3B09D25F9AB6600000B42 /* Assets.xcassets */,
				55A3B09F25F9AB6600000B42 /* LaunchScreen.storyboard */,
				55A3B0A225F9AB6600000B42 /* Info.plist */,
				55A3B09A25F9AB6300000B42 /* nodeios.xcdatamodeld */,
				55B1B07825F9B48500482AD1 /* ItemListVC.swift */,
				55B1B07B25F9B87500482AD1 /* item.swift */,
				55B1B08125F9E66E00482AD1 /* ItemDetailVC.swift */,
				55B1B08525FB04EA00482AD1 /* ItemInsertVC.swift */,
			);
			path = nodeios;
			sourceTree = "<group>";
		};
		C0C97EB8F0390359E89FC228 /* Pods */ = {
			isa = PBXGroup;
			children = (
				3BD9F6AFF9CA39486631C34E /* Pods-nodeios.debug.xcconfig */,
				50BB4046F3272BDB2480B1F9 /* Pods-nodeios.release.xcconfig */,
			);
			path = Pods;
			sourceTree = "<group>";
		};
/* End PBXGroup section */

/* Begin PBXNativeTarget section */
		55A3B08D25F9AB6300000B42 /* nodeios */ = {
			isa = PBXNativeTarget;
			buildConfigurationList = 55A3B0A525F9AB6600000B42 /* Build configuration list for PBXNativeTarget "nodeios" */;
			buildPhases = (
				42A527EFEA0F07EB5E3C886A /* [CP] Check Pods Manifest.lock */,
				55A3B08A25F9AB6300000B42 /* Sources */,
				55A3B08B25F9AB6300000B42 /* Frameworks */,
				55A3B08C25F9AB6300000B42 /* Resources */,
				7D30B6B26A5A233293839C78 /* [CP] Embed Pods Frameworks */,
			);
			buildRules = (
			);
			dependencies = (
			);
			name = nodeios;
			productName = nodeios;
			productReference = 55A3B08E25F9AB6300000B42 /* nodeios.app */;
			productType = "com.apple.product-type.application";
		};
/* End PBXNativeTarget section */

/* Begin PBXProject section */
		55A3B08625F9AB6300000B42 /* Project object */ = {
			isa = PBXProject;
			attributes = {
				LastSwiftUpdateCheck = 1240;
				LastUpgradeCheck = 1240;
				TargetAttributes = {
					55A3B08D25F9AB6300000B42 = {
						CreatedOnToolsVersion = 12.4;
					};
				};
			};
			buildConfigurationList = 55A3B08925F9AB6300000B42 /* Build configuration list for PBXProject "nodeios" */;
			compatibilityVersion = "Xcode 9.3";
			developmentRegion = en;
			hasScannedForEncodings = 0;
			knownRegions = (
				en,
				Base,
			);
			mainGroup = 55A3B08525F9AB6300000B42;
			productRefGroup = 55A3B08F25F9AB6300000B42 /* Products */;
			projectDirPath = "";
			projectRoot = "";
			targets = (
				55A3B08D25F9AB6300000B42 /* nodeios */,
			);
		};
/* End PBXProject section */

/* Begin PBXResourcesBuildPhase section */
		55A3B08C25F9AB6300000B42 /* Resources */ = {
			isa = PBXResourcesBuildPhase;
			buildActionMask = 2147483647;
			files = (
				55A3B0A125F9AB6600000B42 /* LaunchScreen.storyboard in Resources */,
				55A3B09E25F9AB6600000B42 /* Assets.xcassets in Resources */,
				55A3B09925F9AB6300000B42 /* Main.storyboard in Resources */,
			);
			runOnlyForDeploymentPostprocessing = 0;
		};
/* End PBXResourcesBuildPhase section */

/* Begin PBXShellScriptBuildPhase section */
		42A527EFEA0F07EB5E3C886A /* [CP] Check Pods Manifest.lock */ = {
			isa = PBXShellScriptBuildPhase;
			buildActionMask = 2147483647;
			files = (
			);
			inputFileListPaths = (
			);
			inputPaths = (
				"${PODS_PODFILE_DIR_PATH}/Podfile.lock",
				"${PODS_ROOT}/Manifest.lock",
			);
			name = "[CP] Check Pods Manifest.lock";
			outputFileListPaths = (
			);
			outputPaths = (
				"$(DERIVED_FILE_DIR)/Pods-nodeios-checkManifestLockResult.txt",
			);
			runOnlyForDeploymentPostprocessing = 0;
			shellPath = /bin/sh;
			shellScript = "diff \"${PODS_PODFILE_DIR_PATH}/Podfile.lock\" \"${PODS_ROOT}/Manifest.lock\" > /dev/null\nif [ $? != 0 ] ; then\n    # print error to STDERR\n    echo \"error: The sandbox is not in sync with the Podfile.lock. Run 'pod install' or update your CocoaPods installation.\" >&2\n    exit 1\nfi\n# This output is used by Xcode 'outputs' to avoid re-running this script phase.\necho \"SUCCESS\" > \"${SCRIPT_OUTPUT_FILE_0}\"\n";
			showEnvVarsInLog = 0;
		};
		7D30B6B26A5A233293839C78 /* [CP] Embed Pods Frameworks */ = {
			isa = PBXShellScriptBuildPhase;
			buildActionMask = 2147483647;
			files = (
			);
			inputFileListPaths = (
				"${PODS_ROOT}/Target Support Files/Pods-nodeios/Pods-nodeios-frameworks-${CONFIGURATION}-input-files.xcfilelist",
			);
			name = "[CP] Embed Pods Frameworks";
			outputFileListPaths = (
				"${PODS_ROOT}/Target Support Files/Pods-nodeios/Pods-nodeios-frameworks-${CONFIGURATION}-output-files.xcfilelist",
			);
			runOnlyForDeploymentPostprocessing = 0;
			shellPath = /bin/sh;
			shellScript = "\"${PODS_ROOT}/Target Support Files/Pods-nodeios/Pods-nodeios-frameworks.sh\"\n";
			showEnvVarsInLog = 0;
		};
/* End PBXShellScriptBuildPhase section */

/* Begin PBXSourcesBuildPhase section */
		55A3B08A25F9AB6300000B42 /* Sources */ = {
			isa = PBXSourcesBuildPhase;
			buildActionMask = 2147483647;
			files = (
				55B1B08225F9E66E00482AD1 /* ItemDetailVC.swift in Sources */,
				55A3B09625F9AB6300000B42 /* ViewController.swift in Sources */,
				55B1B08625FB04EA00482AD1 /* ItemInsertVC.swift in Sources */,
				55B1B07925F9B48500482AD1 /* ItemListVC.swift in Sources */,
				55A3B09C25F9AB6300000B42 /* nodeios.xcdatamodeld in Sources */,
				55A3B09225F9AB6300000B42 /* AppDelegate.swift in Sources */,
				55B1B07C25F9B87500482AD1 /* item.swift in Sources */,
				55A3B09425F9AB6300000B42 /* SceneDelegate.swift in Sources */,
			);
			runOnlyForDeploymentPostprocessing = 0;
		};
/* End PBXSourcesBuildPhase section */

/* Begin PBXVariantGroup section */
		55A3B09725F9AB6300000B42 /* Main.storyboard */ = {
			isa = PBXVariantGroup;
			children = (
				55A3B09825F9AB6300000B42 /* Base */,
			);
			name = Main.storyboard;
			sourceTree = "<group>";
		};
		55A3B09F25F9AB6600000B42 /* LaunchScreen.storyboard */ = {
			isa = PBXVariantGroup;
			children = (
				55A3B0A025F9AB6600000B42 /* Base */,
			);
			name = LaunchScreen.storyboard;
			sourceTree = "<group>";
		};
/* End PBXVariantGroup section */

/* Begin XCBuildConfiguration section */
		55A3B0A325F9AB6600000B42 /* Debug */ = {
			isa = XCBuildConfiguration;
			buildSettings = {
				ALWAYS_SEARCH_USER_PATHS = NO;
				CLANG_ANALYZER_NONNULL = YES;
				CLANG_ANALYZER_NUMBER_OBJECT_CONVERSION = YES_AGGRESSIVE;
				CLANG_CXX_LANGUAGE_STANDARD = "gnu++14";
				CLANG_CXX_LIBRARY = "libc++";
				CLANG_ENABLE_MODULES = YES;
				CLANG_ENABLE_OBJC_ARC = YES;
				CLANG_ENABLE_OBJC_WEAK = YES;
				CLANG_WARN_BLOCK_CAPTURE_AUTORELEASING = YES;
				CLANG_WARN_BOOL_CONVERSION = YES;
				CLANG_WARN_COMMA = YES;
				CLANG_WARN_CONSTANT_CONVERSION = YES;
				CLANG_WARN_DEPRECATED_OBJC_IMPLEMENTATIONS = YES;
				CLANG_WARN_DIRECT_OBJC_ISA_USAGE = YES_ERROR;
				CLANG_WARN_DOCUMENTATION_COMMENTS = YES;
				CLANG_WARN_EMPTY_BODY = YES;
				CLANG_WARN_ENUM_CONVERSION = YES;
				CLANG_WARN_INFINITE_RECURSION = YES;
				CLANG_WARN_INT_CONVERSION = YES;
				CLANG_WARN_NON_LITERAL_NULL_CONVERSION = YES;
				CLANG_WARN_OBJC_IMPLICIT_RETAIN_SELF = YES;
				CLANG_WARN_OBJC_LITERAL_CONVERSION = YES;
				CLANG_WARN_OBJC_ROOT_CLASS = YES_ERROR;
				CLANG_WARN_QUOTED_INCLUDE_IN_FRAMEWORK_HEADER = YES;
				CLANG_WARN_RANGE_LOOP_ANALYSIS = YES;
				CLANG_WARN_STRICT_PROTOTYPES = YES;
				CLANG_WARN_SUSPICIOUS_MOVE = YES;
				CLANG_WARN_UNGUARDED_AVAILABILITY = YES_AGGRESSIVE;
				CLANG_WARN_UNREACHABLE_CODE = YES;
				CLANG_WARN__DUPLICATE_METHOD_MATCH = YES;
				COPY_PHASE_STRIP = NO;
				DEBUG_INFORMATION_FORMAT = dwarf;
				ENABLE_STRICT_OBJC_MSGSEND = YES;
				ENABLE_TESTABILITY = YES;
				GCC_C_LANGUAGE_STANDARD = gnu11;
				GCC_DYNAMIC_NO_PIC = NO;
				GCC_NO_COMMON_BLOCKS = YES;
				GCC_OPTIMIZATION_LEVEL = 0;
				GCC_PREPROCESSOR_DEFINITIONS = (
					"DEBUG=1",
					"$(inherited)",
				);
				GCC_WARN_64_TO_32_BIT_CONVERSION = YES;
				GCC_WARN_ABOUT_RETURN_TYPE = YES_ERROR;
				GCC_WARN_UNDECLARED_SELECTOR = YES;
				GCC_WARN_UNINITIALIZED_AUTOS = YES_AGGRESSIVE;
				GCC_WARN_UNUSED_FUNCTION = YES;
				GCC_WARN_UNUSED_VARIABLE = YES;
				IPHONEOS_DEPLOYMENT_TARGET = 14.4;
				MTL_ENABLE_DEBUG_INFO = INCLUDE_SOURCE;
				MTL_FAST_MATH = YES;
				ONLY_ACTIVE_ARCH = YES;
				SDKROOT = iphoneos;
				SWIFT_ACTIVE_COMPILATION_CONDITIONS = DEBUG;
				SWIFT_OPTIMIZATION_LEVEL = "-Onone";
			};
			name = Debug;
		};
		55A3B0A425F9AB6600000B42 /* Release */ = {
			isa = XCBuildConfiguration;
			buildSettings = {
				ALWAYS_SEARCH_USER_PATHS = NO;
				CLANG_ANALYZER_NONNULL = YES;
				CLANG_ANALYZER_NUMBER_OBJECT_CONVERSION = YES_AGGRESSIVE;
				CLANG_CXX_LANGUAGE_STANDARD = "gnu++14";
				CLANG_CXX_LIBRARY = "libc++";
				CLANG_ENABLE_MODULES = YES;
				CLANG_ENABLE_OBJC_ARC = YES;
				CLANG_ENABLE_OBJC_WEAK = YES;
				CLANG_WARN_BLOCK_CAPTURE_AUTORELEASING = YES;
				CLANG_WARN_BOOL_CONVERSION = YES;
				CLANG_WARN_COMMA = YES;
				CLANG_WARN_CONSTANT_CONVERSION = YES;
				CLANG_WARN_DEPRECATED_OBJC_IMPLEMENTATIONS = YES;
				CLANG_WARN_DIRECT_OBJC_ISA_USAGE = YES_ERROR;
				CLANG_WARN_DOCUMENTATION_COMMENTS = YES;
				CLANG_WARN_EMPTY_BODY = YES;
				CLANG_WARN_ENUM_CONVERSION = YES;
				CLANG_WARN_INFINITE_RECURSION = YES;
				CLANG_WARN_INT_CONVERSION = YES;
				CLANG_WARN_NON_LITERAL_NULL_CONVERSION = YES;
				CLANG_WARN_OBJC_IMPLICIT_RETAIN_SELF = YES;
				CLANG_WARN_OBJC_LITERAL_CONVERSION = YES;
				CLANG_WARN_OBJC_ROOT_CLASS = YES_ERROR;
				CLANG_WARN_QUOTED_INCLUDE_IN_FRAMEWORK_HEADER = YES;
				CLANG_WARN_RANGE_LOOP_ANALYSIS = YES;
				CLANG_WARN_STRICT_PROTOTYPES = YES;
				CLANG_WARN_SUSPICIOUS_MOVE = YES;
				CLANG_WARN_UNGUARDED_AVAILABILITY = YES_AGGRESSIVE;
				CLANG_WARN_UNREACHABLE_CODE = YES;
				CLANG_WARN__DUPLICATE_METHOD_MATCH = YES;
				COPY_PHASE_STRIP = NO;
				DEBUG_INFORMATION_FORMAT = "dwarf-with-dsym";
				ENABLE_NS_ASSERTIONS = NO;
				ENABLE_STRICT_OBJC_MSGSEND = YES;
				GCC_C_LANGUAGE_STANDARD = gnu11;
				GCC_NO_COMMON_BLOCKS = YES;
				GCC_WARN_64_TO_32_BIT_CONVERSION = YES;
				GCC_WARN_ABOUT_RETURN_TYPE = YES_ERROR;
				GCC_WARN_UNDECLARED_SELECTOR = YES;
				GCC_WARN_UNINITIALIZED_AUTOS = YES_AGGRESSIVE;
				GCC_WARN_UNUSED_FUNCTION = YES;
				GCC_WARN_UNUSED_VARIABLE = YES;
				IPHONEOS_DEPLOYMENT_TARGET = 14.4;
				MTL_ENABLE_DEBUG_INFO = NO;
				MTL_FAST_MATH = YES;
				SDKROOT = iphoneos;
				SWIFT_COMPILATION_MODE = wholemodule;
				SWIFT_OPTIMIZATION_LEVEL = "-O";
				VALIDATE_PRODUCT = YES;
			};
			name = Release;
		};
		55A3B0A625F9AB6600000B42 /* Debug */ = {
			isa = XCBuildConfiguration;
			baseConfigurationReference = 3BD9F6AFF9CA39486631C34E /* Pods-nodeios.debug.xcconfig */;
			buildSettings = {
				ASSETCATALOG_COMPILER_APPICON_NAME = AppIcon;
				ASSETCATALOG_COMPILER_GLOBAL_ACCENT_COLOR_NAME = AccentColor;
				CODE_SIGN_STYLE = Automatic;
				INFOPLIST_FILE = nodeios/Info.plist;
				LD_RUNPATH_SEARCH_PATHS = (
					"$(inherited)",
					"@executable_path/Frameworks",
				);
				PRODUCT_BUNDLE_IDENTIFIER = kakao.yoond.nodeios;
				PRODUCT_NAME = "$(TARGET_NAME)";
				SWIFT_VERSION = 5.0;
				TARGETED_DEVICE_FAMILY = "1,2";
			};
			name = Debug;
		};
		55A3B0A725F9AB6600000B42 /* Release */ = {
			isa = XCBuildConfiguration;
			baseConfigurationReference = 50BB4046F3272BDB2480B1F9 /* Pods-nodeios.release.xcconfig */;
			buildSettings = {
				ASSETCATALOG_COMPILER_APPICON_NAME = AppIcon;
				ASSETCATALOG_COMPILER_GLOBAL_ACCENT_COLOR_NAME = AccentColor;
				CODE_SIGN_STYLE = Automatic;
				INFOPLIST_FILE = nodeios/Info.plist;
				LD_RUNPATH_SEARCH_PATHS = (
					"$(inherited)",
					"@executable_path/Frameworks",
				);
				PRODUCT_BUNDLE_IDENTIFIER = kakao.yoond.nodeios;
				PRODUCT_NAME = "$(TARGET_NAME)";
				SWIFT_VERSION = 5.0;
				TARGETED_DEVICE_FAMILY = "1,2";
			};
			name = Release;
		};
/* End XCBuildConfiguration section */

/* Begin XCConfigurationList section */
		55A3B08925F9AB6300000B42 /* Build configuration list for PBXProject "nodeios" */ = {
			isa = XCConfigurationList;
			buildConfigurations = (
				55A3B0A325F9AB6600000B42 /* Debug */,
				55A3B0A425F9AB6600000B42 /* Release */,
			);
			defaultConfigurationIsVisible = 0;
			defaultConfigurationName = Release;
		};
		55A3B0A525F9AB6600000B42 /* Build configuration list for PBXNativeTarget "nodeios" */ = {
			isa = XCConfigurationList;
			buildConfigurations = (
				55A3B0A625F9AB6600000B42 /* Debug */,
				55A3B0A725F9AB6600000B42 /* Release */,
			);
			defaultConfigurationIsVisible = 0;
			defaultConfigurationName = Release;
		};
/* End XCConfigurationList section */

/* Begin XCVersionGroup section */
		55A3B09A25F9AB6300000B42 /* nodeios.xcdatamodeld */ = {
			isa = XCVersionGroup;
			children = (
				55A3B09B25F9AB6300000B42 /* nodeios.xcdatamodel */,
			);
			currentVersion = 55A3B09B25F9AB6300000B42 /* nodeios.xcdatamodel */;
			path = nodeios.xcdatamodeld;
			sourceTree = "<group>";
			versionGroupType = wrapper.xcdatamodel;
		};
/* End XCVersionGroup section */
	};
	rootObject = 55A3B08625F9AB6300000B42 /* Project object */;
}
