// !$*UTF8*$!
{
	archiveVersion = 1;
	classes = {
	};
	objectVersion = 50;
	objects = {

/* Begin PBXBuildFile section */
		555A21E92720283D00DD31FB /* AppDelegate.swift in Sources */ = {isa = PBXBuildFile; fileRef = 555A21E82720283D00DD31FB /* AppDelegate.swift */; };
		555A21EB2720283D00DD31FB /* SceneDelegate.swift in Sources */ = {isa = PBXBuildFile; fileRef = 555A21EA2720283D00DD31FB /* SceneDelegate.swift */; };
		555A21ED2720283D00DD31FB /* ViewController.swift in Sources */ = {isa = PBXBuildFile; fileRef = 555A21EC2720283D00DD31FB /* ViewController.swift */; };
		555A21F02720283D00DD31FB /* Main.storyboard in Resources */ = {isa = PBXBuildFile; fileRef = 555A21EE2720283D00DD31FB /* Main.storyboard */; };
		555A21F22720283E00DD31FB /* Assets.xcassets in Resources */ = {isa = PBXBuildFile; fileRef = 555A21F12720283E00DD31FB /* Assets.xcassets */; };
		555A21F52720283E00DD31FB /* LaunchScreen.storyboard in Resources */ = {isa = PBXBuildFile; fileRef = 555A21F32720283E00DD31FB /* LaunchScreen.storyboard */; };
		555A21FF27203A6D00DD31FB /* test.html in Resources */ = {isa = PBXBuildFile; fileRef = 555A21FE27203A6D00DD31FB /* test.html */; };
		555A22072720421B00DD31FB /* AppDelegate.swift in Sources */ = {isa = PBXBuildFile; fileRef = 555A22062720421B00DD31FB /* AppDelegate.swift */; };
		555A22092720421B00DD31FB /* SceneDelegate.swift in Sources */ = {isa = PBXBuildFile; fileRef = 555A22082720421B00DD31FB /* SceneDelegate.swift */; };
		555A220B2720421B00DD31FB /* ViewController.swift in Sources */ = {isa = PBXBuildFile; fileRef = 555A220A2720421B00DD31FB /* ViewController.swift */; };
		555A220E2720421B00DD31FB /* Main.storyboard in Resources */ = {isa = PBXBuildFile; fileRef = 555A220C2720421B00DD31FB /* Main.storyboard */; };
		555A22102720421D00DD31FB /* Assets.xcassets in Resources */ = {isa = PBXBuildFile; fileRef = 555A220F2720421D00DD31FB /* Assets.xcassets */; };
		555A22132720421D00DD31FB /* LaunchScreen.storyboard in Resources */ = {isa = PBXBuildFile; fileRef = 555A22112720421D00DD31FB /* LaunchScreen.storyboard */; };
/* End PBXBuildFile section */

/* Begin PBXFileReference section */
		555A21E52720283D00DD31FB /* day_06.app */ = {isa = PBXFileReference; explicitFileType = wrapper.application; includeInIndex = 0; path = day_06.app; sourceTree = BUILT_PRODUCTS_DIR; };
		555A21E82720283D00DD31FB /* AppDelegate.swift */ = {isa = PBXFileReference; lastKnownFileType = sourcecode.swift; path = AppDelegate.swift; sourceTree = "<group>"; };
		555A21EA2720283D00DD31FB /* SceneDelegate.swift */ = {isa = PBXFileReference; lastKnownFileType = sourcecode.swift; path = SceneDelegate.swift; sourceTree = "<group>"; };
		555A21EC2720283D00DD31FB /* ViewController.swift */ = {isa = PBXFileReference; lastKnownFileType = sourcecode.swift; path = ViewController.swift; sourceTree = "<group>"; };
		555A21EF2720283D00DD31FB /* Base */ = {isa = PBXFileReference; lastKnownFileType = file.storyboard; name = Base; path = Base.lproj/Main.storyboard; sourceTree = "<group>"; };
		555A21F12720283E00DD31FB /* Assets.xcassets */ = {isa = PBXFileReference; lastKnownFileType = folder.assetcatalog; path = Assets.xcassets; sourceTree = "<group>"; };
		555A21F42720283E00DD31FB /* Base */ = {isa = PBXFileReference; lastKnownFileType = file.storyboard; name = Base; path = Base.lproj/LaunchScreen.storyboard; sourceTree = "<group>"; };
		555A21F62720283E00DD31FB /* Info.plist */ = {isa = PBXFileReference; lastKnownFileType = text.plist.xml; path = Info.plist; sourceTree = "<group>"; };
		555A21FE27203A6D00DD31FB /* test.html */ = {isa = PBXFileReference; lastKnownFileType = text.html; path = test.html; sourceTree = "<group>"; };
		555A22042720421B00DD31FB /* webViewTT.app */ = {isa = PBXFileReference; explicitFileType = wrapper.application; includeInIndex = 0; path = webViewTT.app; sourceTree = BUILT_PRODUCTS_DIR; };
		555A22062720421B00DD31FB /* AppDelegate.swift */ = {isa = PBXFileReference; lastKnownFileType = sourcecode.swift; path = AppDelegate.swift; sourceTree = "<group>"; };
		555A22082720421B00DD31FB /* SceneDelegate.swift */ = {isa = PBXFileReference; lastKnownFileType = sourcecode.swift; path = SceneDelegate.swift; sourceTree = "<group>"; };
		555A220A2720421B00DD31FB /* ViewController.swift */ = {isa = PBXFileReference; lastKnownFileType = sourcecode.swift; path = ViewController.swift; sourceTree = "<group>"; };
		555A220D2720421B00DD31FB /* Base */ = {isa = PBXFileReference; lastKnownFileType = file.storyboard; name = Base; path = Base.lproj/Main.storyboard; sourceTree = "<group>"; };
		555A220F2720421D00DD31FB /* Assets.xcassets */ = {isa = PBXFileReference; lastKnownFileType = folder.assetcatalog; path = Assets.xcassets; sourceTree = "<group>"; };
		555A22122720421D00DD31FB /* Base */ = {isa = PBXFileReference; lastKnownFileType = file.storyboard; name = Base; path = Base.lproj/LaunchScreen.storyboard; sourceTree = "<group>"; };
		555A22142720421D00DD31FB /* Info.plist */ = {isa = PBXFileReference; lastKnownFileType = text.plist.xml; path = Info.plist; sourceTree = "<group>"; };
/* End PBXFileReference section */

/* Begin PBXFrameworksBuildPhase section */
		555A21E22720283D00DD31FB /* Frameworks */ = {
			isa = PBXFrameworksBuildPhase;
			buildActionMask = 2147483647;
			files = (
			);
			runOnlyForDeploymentPostprocessing = 0;
		};
		555A22012720421B00DD31FB /* Frameworks */ = {
			isa = PBXFrameworksBuildPhase;
			buildActionMask = 2147483647;
			files = (
			);
			runOnlyForDeploymentPostprocessing = 0;
		};
/* End PBXFrameworksBuildPhase section */

/* Begin PBXGroup section */
		555A21DC2720283D00DD31FB = {
			isa = PBXGroup;
			children = (
				555A21FE27203A6D00DD31FB /* test.html */,
				555A21E72720283D00DD31FB /* day_06 */,
				555A22052720421B00DD31FB /* webViewTT */,
				555A21E62720283D00DD31FB /* Products */,
			);
			sourceTree = "<group>";
		};
		555A21E62720283D00DD31FB /* Products */ = {
			isa = PBXGroup;
			children = (
				555A21E52720283D00DD31FB /* day_06.app */,
				555A22042720421B00DD31FB /* webViewTT.app */,
			);
			name = Products;
			sourceTree = "<group>";
		};
		555A21E72720283D00DD31FB /* day_06 */ = {
			isa = PBXGroup;
			children = (
				555A21E82720283D00DD31FB /* AppDelegate.swift */,
				555A21EA2720283D00DD31FB /* SceneDelegate.swift */,
				555A21EC2720283D00DD31FB /* ViewController.swift */,
				555A21EE2720283D00DD31FB /* Main.storyboard */,
				555A21F12720283E00DD31FB /* Assets.xcassets */,
				555A21F32720283E00DD31FB /* LaunchScreen.storyboard */,
				555A21F62720283E00DD31FB /* Info.plist */,
			);
			path = day_06;
			sourceTree = "<group>";
		};
		555A22052720421B00DD31FB /* webViewTT */ = {
			isa = PBXGroup;
			children = (
				555A22062720421B00DD31FB /* AppDelegate.swift */,
				555A22082720421B00DD31FB /* SceneDelegate.swift */,
				555A220A2720421B00DD31FB /* ViewController.swift */,
				555A220C2720421B00DD31FB /* Main.storyboard */,
				555A220F2720421D00DD31FB /* Assets.xcassets */,
				555A22112720421D00DD31FB /* LaunchScreen.storyboard */,
				555A22142720421D00DD31FB /* Info.plist */,
			);
			path = webViewTT;
			sourceTree = "<group>";
		};
/* End PBXGroup section */

/* Begin PBXNativeTarget section */
		555A21E42720283D00DD31FB /* day_06 */ = {
			isa = PBXNativeTarget;
			buildConfigurationList = 555A21F92720283E00DD31FB /* Build configuration list for PBXNativeTarget "day_06" */;
			buildPhases = (
				555A21E12720283D00DD31FB /* Sources */,
				555A21E22720283D00DD31FB /* Frameworks */,
				555A21E32720283D00DD31FB /* Resources */,
			);
			buildRules = (
			);
			dependencies = (
			);
			name = day_06;
			productName = day_06;
			productReference = 555A21E52720283D00DD31FB /* day_06.app */;
			productType = "com.apple.product-type.application";
		};
		555A22032720421B00DD31FB /* webViewTT */ = {
			isa = PBXNativeTarget;
			buildConfigurationList = 555A22152720421D00DD31FB /* Build configuration list for PBXNativeTarget "webViewTT" */;
			buildPhases = (
				555A22002720421B00DD31FB /* Sources */,
				555A22012720421B00DD31FB /* Frameworks */,
				555A22022720421B00DD31FB /* Resources */,
			);
			buildRules = (
			);
			dependencies = (
			);
			name = webViewTT;
			productName = webViewTT;
			productReference = 555A22042720421B00DD31FB /* webViewTT.app */;
			productType = "com.apple.product-type.application";
		};
/* End PBXNativeTarget section */

/* Begin PBXProject section */
		555A21DD2720283D00DD31FB /* Project object */ = {
			isa = PBXProject;
			attributes = {
				LastSwiftUpdateCheck = 1250;
				LastUpgradeCheck = 1250;
				TargetAttributes = {
					555A21E42720283D00DD31FB = {
						CreatedOnToolsVersion = 12.5.1;
					};
					555A22032720421B00DD31FB = {
						CreatedOnToolsVersion = 12.5.1;
					};
				};
			};
			buildConfigurationList = 555A21E02720283D00DD31FB /* Build configuration list for PBXProject "day_06" */;
			compatibilityVersion = "Xcode 9.3";
			developmentRegion = en;
			hasScannedForEncodings = 0;
			knownRegions = (
				en,
				Base,
			);
			mainGroup = 555A21DC2720283D00DD31FB;
			productRefGroup = 555A21E62720283D00DD31FB /* Products */;
			projectDirPath = "";
			projectRoot = "";
			targets = (
				555A21E42720283D00DD31FB /* day_06 */,
				555A22032720421B00DD31FB /* webViewTT */,
			);
		};
/* End PBXProject section */

/* Begin PBXResourcesBuildPhase section */
		555A21E32720283D00DD31FB /* Resources */ = {
			isa = PBXResourcesBuildPhase;
			buildActionMask = 2147483647;
			files = (
				555A21FF27203A6D00DD31FB /* test.html in Resources */,
				555A21F52720283E00DD31FB /* LaunchScreen.storyboard in Resources */,
				555A21F22720283E00DD31FB /* Assets.xcassets in Resources */,
				555A21F02720283D00DD31FB /* Main.storyboard in Resources */,
			);
			runOnlyForDeploymentPostprocessing = 0;
		};
		555A22022720421B00DD31FB /* Resources */ = {
			isa = PBXResourcesBuildPhase;
			buildActionMask = 2147483647;
			files = (
				555A22132720421D00DD31FB /* LaunchScreen.storyboard in Resources */,
				555A22102720421D00DD31FB /* Assets.xcassets in Resources */,
				555A220E2720421B00DD31FB /* Main.storyboard in Resources */,
			);
			runOnlyForDeploymentPostprocessing = 0;
		};
/* End PBXResourcesBuildPhase section */

/* Begin PBXSourcesBuildPhase section */
		555A21E12720283D00DD31FB /* Sources */ = {
			isa = PBXSourcesBuildPhase;
			buildActionMask = 2147483647;
			files = (
				555A21ED2720283D00DD31FB /* ViewController.swift in Sources */,
				555A21E92720283D00DD31FB /* AppDelegate.swift in Sources */,
				555A21EB2720283D00DD31FB /* SceneDelegate.swift in Sources */,
			);
			runOnlyForDeploymentPostprocessing = 0;
		};
		555A22002720421B00DD31FB /* Sources */ = {
			isa = PBXSourcesBuildPhase;
			buildActionMask = 2147483647;
			files = (
				555A220B2720421B00DD31FB /* ViewController.swift in Sources */,
				555A22072720421B00DD31FB /* AppDelegate.swift in Sources */,
				555A22092720421B00DD31FB /* SceneDelegate.swift in Sources */,
			);
			runOnlyForDeploymentPostprocessing = 0;
		};
/* End PBXSourcesBuildPhase section */

/* Begin PBXVariantGroup section */
		555A21EE2720283D00DD31FB /* Main.storyboard */ = {
			isa = PBXVariantGroup;
			children = (
				555A21EF2720283D00DD31FB /* Base */,
			);
			name = Main.storyboard;
			sourceTree = "<group>";
		};
		555A21F32720283E00DD31FB /* LaunchScreen.storyboard */ = {
			isa = PBXVariantGroup;
			children = (
				555A21F42720283E00DD31FB /* Base */,
			);
			name = LaunchScreen.storyboard;
			sourceTree = "<group>";
		};
		555A220C2720421B00DD31FB /* Main.storyboard */ = {
			isa = PBXVariantGroup;
			children = (
				555A220D2720421B00DD31FB /* Base */,
			);
			name = Main.storyboard;
			sourceTree = "<group>";
		};
		555A22112720421D00DD31FB /* LaunchScreen.storyboard */ = {
			isa = PBXVariantGroup;
			children = (
				555A22122720421D00DD31FB /* Base */,
			);
			name = LaunchScreen.storyboard;
			sourceTree = "<group>";
		};
/* End PBXVariantGroup section */

/* Begin XCBuildConfiguration section */
		555A21F72720283E00DD31FB /* Debug */ = {
			isa = XCBuildConfiguration;
			buildSettings = {
				ALWAYS_SEARCH_USER_PATHS = NO;
				CLANG_ANALYZER_NONNULL = YES;
				CLANG_ANALYZER_NUMBER_OBJECT_CONVERSION = YES_AGGRESSIVE;
				CLANG_CXX_LANGUAGE_STANDARD = "gnu++14";
				CLANG_CXX_LIBRARY = "libc++";
				CLANG_ENABLE_MODULES = YES;
				CLANG_ENABLE_OBJC_ARC = YES;
				CLANG_ENABLE_OBJC_WEAK = YES;
				CLANG_WARN_BLOCK_CAPTURE_AUTORELEASING = YES;
				CLANG_WARN_BOOL_CONVERSION = YES;
				CLANG_WARN_COMMA = YES;
				CLANG_WARN_CONSTANT_CONVERSION = YES;
				CLANG_WARN_DEPRECATED_OBJC_IMPLEMENTATIONS = YES;
				CLANG_WARN_DIRECT_OBJC_ISA_USAGE = YES_ERROR;
				CLANG_WARN_DOCUMENTATION_COMMENTS = YES;
				CLANG_WARN_EMPTY_BODY = YES;
				CLANG_WARN_ENUM_CONVERSION = YES;
				CLANG_WARN_INFINITE_RECURSION = YES;
				CLANG_WARN_INT_CONVERSION = YES;
				CLANG_WARN_NON_LITERAL_NULL_CONVERSION = YES;
				CLANG_WARN_OBJC_IMPLICIT_RETAIN_SELF = YES;
				CLANG_WARN_OBJC_LITERAL_CONVERSION = YES;
				CLANG_WARN_OBJC_ROOT_CLASS = YES_ERROR;
				CLANG_WARN_QUOTED_INCLUDE_IN_FRAMEWORK_HEADER = YES;
				CLANG_WARN_RANGE_LOOP_ANALYSIS = YES;
				CLANG_WARN_STRICT_PROTOTYPES = YES;
				CLANG_WARN_SUSPICIOUS_MOVE = YES;
				CLANG_WARN_UNGUARDED_AVAILABILITY = YES_AGGRESSIVE;
				CLANG_WARN_UNREACHABLE_CODE = YES;
				CLANG_WARN__DUPLICATE_METHOD_MATCH = YES;
				COPY_PHASE_STRIP = NO;
				DEBUG_INFORMATION_FORMAT = dwarf;
				ENABLE_STRICT_OBJC_MSGSEND = YES;
				ENABLE_TESTABILITY = YES;
				GCC_C_LANGUAGE_STANDARD = gnu11;
				GCC_DYNAMIC_NO_PIC = NO;
				GCC_NO_COMMON_BLOCKS = YES;
				GCC_OPTIMIZATION_LEVEL = 0;
				GCC_PREPROCESSOR_DEFINITIONS = (
					"DEBUG=1",
					"$(inherited)",
				);
				GCC_WARN_64_TO_32_BIT_CONVERSION = YES;
				GCC_WARN_ABOUT_RETURN_TYPE = YES_ERROR;
				GCC_WARN_UNDECLARED_SELECTOR = YES;
				GCC_WARN_UNINITIALIZED_AUTOS = YES_AGGRESSIVE;
				GCC_WARN_UNUSED_FUNCTION = YES;
				GCC_WARN_UNUSED_VARIABLE = YES;
				IPHONEOS_DEPLOYMENT_TARGET = 14.5;
				MTL_ENABLE_DEBUG_INFO = INCLUDE_SOURCE;
				MTL_FAST_MATH = YES;
				ONLY_ACTIVE_ARCH = YES;
				SDKROOT = iphoneos;
				SWIFT_ACTIVE_COMPILATION_CONDITIONS = DEBUG;
				SWIFT_OPTIMIZATION_LEVEL = "-Onone";
			};
			name = Debug;
		};
		555A21F82720283E00DD31FB /* Release */ = {
			isa = XCBuildConfiguration;
			buildSettings = {
				ALWAYS_SEARCH_USER_PATHS = NO;
				CLANG_ANALYZER_NONNULL = YES;
				CLANG_ANALYZER_NUMBER_OBJECT_CONVERSION = YES_AGGRESSIVE;
				CLANG_CXX_LANGUAGE_STANDARD = "gnu++14";
				CLANG_CXX_LIBRARY = "libc++";
				CLANG_ENABLE_MODULES = YES;
				CLANG_ENABLE_OBJC_ARC = YES;
				CLANG_ENABLE_OBJC_WEAK = YES;
				CLANG_WARN_BLOCK_CAPTURE_AUTORELEASING = YES;
				CLANG_WARN_BOOL_CONVERSION = YES;
				CLANG_WARN_COMMA = YES;
				CLANG_WARN_CONSTANT_CONVERSION = YES;
				CLANG_WARN_DEPRECATED_OBJC_IMPLEMENTATIONS = YES;
				CLANG_WARN_DIRECT_OBJC_ISA_USAGE = YES_ERROR;
				CLANG_WARN_DOCUMENTATION_COMMENTS = YES;
				CLANG_WARN_EMPTY_BODY = YES;
				CLANG_WARN_ENUM_CONVERSION = YES;
				CLANG_WARN_INFINITE_RECURSION = YES;
				CLANG_WARN_INT_CONVERSION = YES;
				CLANG_WARN_NON_LITERAL_NULL_CONVERSION = YES;
				CLANG_WARN_OBJC_IMPLICIT_RETAIN_SELF = YES;
				CLANG_WARN_OBJC_LITERAL_CONVERSION = YES;
				CLANG_WARN_OBJC_ROOT_CLASS = YES_ERROR;
				CLANG_WARN_QUOTED_INCLUDE_IN_FRAMEWORK_HEADER = YES;
				CLANG_WARN_RANGE_LOOP_ANALYSIS = YES;
				CLANG_WARN_STRICT_PROTOTYPES = YES;
				CLANG_WARN_SUSPICIOUS_MOVE = YES;
				CLANG_WARN_UNGUARDED_AVAILABILITY = YES_AGGRESSIVE;
				CLANG_WARN_UNREACHABLE_CODE = YES;
				CLANG_WARN__DUPLICATE_METHOD_MATCH = YES;
				COPY_PHASE_STRIP = NO;
				DEBUG_INFORMATION_FORMAT = "dwarf-with-dsym";
				ENABLE_NS_ASSERTIONS = NO;
				ENABLE_STRICT_OBJC_MSGSEND = YES;
				GCC_C_LANGUAGE_STANDARD = gnu11;
				GCC_NO_COMMON_BLOCKS = YES;
				GCC_WARN_64_TO_32_BIT_CONVERSION = YES;
				GCC_WARN_ABOUT_RETURN_TYPE = YES_ERROR;
				GCC_WARN_UNDECLARED_SELECTOR = YES;
				GCC_WARN_UNINITIALIZED_AUTOS = YES_AGGRESSIVE;
				GCC_WARN_UNUSED_FUNCTION = YES;
				GCC_WARN_UNUSED_VARIABLE = YES;
				IPHONEOS_DEPLOYMENT_TARGET = 14.5;
				MTL_ENABLE_DEBUG_INFO = NO;
				MTL_FAST_MATH = YES;
				SDKROOT = iphoneos;
				SWIFT_COMPILATION_MODE = wholemodule;
				SWIFT_OPTIMIZATION_LEVEL = "-O";
				VALIDATE_PRODUCT = YES;
			};
			name = Release;
		};
		555A21FA2720283E00DD31FB /* Debug */ = {
			isa = XCBuildConfiguration;
			buildSettings = {
				ASSETCATALOG_COMPILER_APPICON_NAME = AppIcon;
				ASSETCATALOG_COMPILER_GLOBAL_ACCENT_COLOR_NAME = AccentColor;
				CODE_SIGN_STYLE = Automatic;
				DEVELOPMENT_TEAM = 8545YBZ2T8;
				INFOPLIST_FILE = day_06/Info.plist;
				LD_RUNPATH_SEARCH_PATHS = (
					"$(inherited)",
					"@executable_path/Frameworks",
				);
				PRODUCT_BUNDLE_IDENTIFIER = "com.bonnie.day-06";
				PRODUCT_NAME = "$(TARGET_NAME)";
				SWIFT_VERSION = 5.0;
				TARGETED_DEVICE_FAMILY = "1,2";
			};
			name = Debug;
		};
		555A21FB2720283E00DD31FB /* Release */ = {
			isa = XCBuildConfiguration;
			buildSettings = {
				ASSETCATALOG_COMPILER_APPICON_NAME = AppIcon;
				ASSETCATALOG_COMPILER_GLOBAL_ACCENT_COLOR_NAME = AccentColor;
				CODE_SIGN_STYLE = Automatic;
				DEVELOPMENT_TEAM = 8545YBZ2T8;
				INFOPLIST_FILE = day_06/Info.plist;
				LD_RUNPATH_SEARCH_PATHS = (
					"$(inherited)",
					"@executable_path/Frameworks",
				);
				PRODUCT_BUNDLE_IDENTIFIER = "com.bonnie.day-06";
				PRODUCT_NAME = "$(TARGET_NAME)";
				SWIFT_VERSION = 5.0;
				TARGETED_DEVICE_FAMILY = "1,2";
			};
			name = Release;
		};
		555A22162720421D00DD31FB /* Debug */ = {
			isa = XCBuildConfiguration;
			buildSettings = {
				ASSETCATALOG_COMPILER_APPICON_NAME = AppIcon;
				ASSETCATALOG_COMPILER_GLOBAL_ACCENT_COLOR_NAME = AccentColor;
				CODE_SIGN_STYLE = Automatic;
				DEVELOPMENT_TEAM = 8545YBZ2T8;
				INFOPLIST_FILE = webViewTT/Info.plist;
				LD_RUNPATH_SEARCH_PATHS = (
					"$(inherited)",
					"@executable_path/Frameworks",
				);
				PRODUCT_BUNDLE_IDENTIFIER = com.bonnie.webViewTT;
				PRODUCT_NAME = "$(TARGET_NAME)";
				SWIFT_VERSION = 5.0;
				TARGETED_DEVICE_FAMILY = "1,2";
			};
			name = Debug;
		};
		555A22172720421D00DD31FB /* Release */ = {
			isa = XCBuildConfiguration;
			buildSettings = {
				ASSETCATALOG_COMPILER_APPICON_NAME = AppIcon;
				ASSETCATALOG_COMPILER_GLOBAL_ACCENT_COLOR_NAME = AccentColor;
				CODE_SIGN_STYLE = Automatic;
				DEVELOPMENT_TEAM = 8545YBZ2T8;
				INFOPLIST_FILE = webViewTT/Info.plist;
				LD_RUNPATH_SEARCH_PATHS = (
					"$(inherited)",
					"@executable_path/Frameworks",
				);
				PRODUCT_BUNDLE_IDENTIFIER = com.bonnie.webViewTT;
				PRODUCT_NAME = "$(TARGET_NAME)";
				SWIFT_VERSION = 5.0;
				TARGETED_DEVICE_FAMILY = "1,2";
			};
			name = Release;
		};
/* End XCBuildConfiguration section */

/* Begin XCConfigurationList section */
		555A21E02720283D00DD31FB /* Build configuration list for PBXProject "day_06" */ = {
			isa = XCConfigurationList;
			buildConfigurations = (
				555A21F72720283E00DD31FB /* Debug */,
				555A21F82720283E00DD31FB /* Release */,
			);
			defaultConfigurationIsVisible = 0;
			defaultConfigurationName = Release;
		};
		555A21F92720283E00DD31FB /* Build configuration list for PBXNativeTarget "day_06" */ = {
			isa = XCConfigurationList;
			buildConfigurations = (
				555A21FA2720283E00DD31FB /* Debug */,
				555A21FB2720283E00DD31FB /* Release */,
			);
			defaultConfigurationIsVisible = 0;
			defaultConfigurationName = Release;
		};
		555A22152720421D00DD31FB /* Build configuration list for PBXNativeTarget "webViewTT" */ = {
			isa = XCConfigurationList;
			buildConfigurations = (
				555A22162720421D00DD31FB /* Debug */,
				555A22172720421D00DD31FB /* Release */,
			);
			defaultConfigurationIsVisible = 0;
			defaultConfigurationName = Release;
		};
/* End XCConfigurationList section */
	};
	rootObject = 555A21DD2720283D00DD31FB /* Project object */;
}
