// !$*UTF8*$!
{
	archiveVersion = 1;
	classes = {
	};
	objectVersion = 50;
	objects = {

/* Begin PBXBuildFile section */
		5588CD4825E3A9020094601D /* AppDelegate.swift in Sources */ = {isa = PBXBuildFile; fileRef = 5588CD4725E3A9020094601D /* AppDelegate.swift */; };
		5588CD4A25E3A9020094601D /* SceneDelegate.swift in Sources */ = {isa = PBXBuildFile; fileRef = 5588CD4925E3A9020094601D /* SceneDelegate.swift */; };
		5588CD4C25E3A9020094601D /* ViewController.swift in Sources */ = {isa = PBXBuildFile; fileRef = 5588CD4B25E3A9020094601D /* ViewController.swift */; };
		5588CD4F25E3A9020094601D /* Main.storyboard in Resources */ = {isa = PBXBuildFile; fileRef = 5588CD4D25E3A9020094601D /* Main.storyboard */; };
		5588CD5125E3A9040094601D /* Assets.xcassets in Resources */ = {isa = PBXBuildFile; fileRef = 5588CD5025E3A9040094601D /* Assets.xcassets */; };
		5588CD5425E3A9040094601D /* LaunchScreen.storyboard in Resources */ = {isa = PBXBuildFile; fileRef = 5588CD5225E3A9040094601D /* LaunchScreen.storyboard */; };
		5588CD8125E3AD720094601D /* AppDelegate.swift in Sources */ = {isa = PBXBuildFile; fileRef = 5588CD8025E3AD720094601D /* AppDelegate.swift */; };
		5588CD8325E3AD720094601D /* SceneDelegate.swift in Sources */ = {isa = PBXBuildFile; fileRef = 5588CD8225E3AD720094601D /* SceneDelegate.swift */; };
		5588CD8525E3AD720094601D /* ContentView.swift in Sources */ = {isa = PBXBuildFile; fileRef = 5588CD8425E3AD720094601D /* ContentView.swift */; };
		5588CD8725E3AD740094601D /* Assets.xcassets in Resources */ = {isa = PBXBuildFile; fileRef = 5588CD8625E3AD740094601D /* Assets.xcassets */; };
		5588CD8A25E3AD740094601D /* Preview Assets.xcassets in Resources */ = {isa = PBXBuildFile; fileRef = 5588CD8925E3AD740094601D /* Preview Assets.xcassets */; };
		5588CD8D25E3AD740094601D /* LaunchScreen.storyboard in Resources */ = {isa = PBXBuildFile; fileRef = 5588CD8B25E3AD740094601D /* LaunchScreen.storyboard */; };
		5588CDBB25E3AE580094601D /* AppDelegate.swift in Sources */ = {isa = PBXBuildFile; fileRef = 5588CDBA25E3AE580094601D /* AppDelegate.swift */; };
		5588CDBD25E3AE580094601D /* SceneDelegate.swift in Sources */ = {isa = PBXBuildFile; fileRef = 5588CDBC25E3AE580094601D /* SceneDelegate.swift */; };
		5588CDBF25E3AE580094601D /* ViewController.swift in Sources */ = {isa = PBXBuildFile; fileRef = 5588CDBE25E3AE580094601D /* ViewController.swift */; };
		5588CDC225E3AE580094601D /* Main.storyboard in Resources */ = {isa = PBXBuildFile; fileRef = 5588CDC025E3AE580094601D /* Main.storyboard */; };
		5588CDC425E3AE5A0094601D /* Assets.xcassets in Resources */ = {isa = PBXBuildFile; fileRef = 5588CDC325E3AE5A0094601D /* Assets.xcassets */; };
		5588CDC725E3AE5A0094601D /* LaunchScreen.storyboard in Resources */ = {isa = PBXBuildFile; fileRef = 5588CDC525E3AE5A0094601D /* LaunchScreen.storyboard */; };
		55D88D0A25E93400009EDE24 /* AppDelegate.swift in Sources */ = {isa = PBXBuildFile; fileRef = 55D88D0925E93400009EDE24 /* AppDelegate.swift */; };
		55D88D0C25E93400009EDE24 /* SceneDelegate.swift in Sources */ = {isa = PBXBuildFile; fileRef = 55D88D0B25E93400009EDE24 /* SceneDelegate.swift */; };
		55D88D0E25E93400009EDE24 /* ViewController.swift in Sources */ = {isa = PBXBuildFile; fileRef = 55D88D0D25E93400009EDE24 /* ViewController.swift */; };
		55D88D1125E93400009EDE24 /* Main.storyboard in Resources */ = {isa = PBXBuildFile; fileRef = 55D88D0F25E93400009EDE24 /* Main.storyboard */; };
		55D88D1325E93401009EDE24 /* Assets.xcassets in Resources */ = {isa = PBXBuildFile; fileRef = 55D88D1225E93401009EDE24 /* Assets.xcassets */; };
		55D88D1625E93401009EDE24 /* LaunchScreen.storyboard in Resources */ = {isa = PBXBuildFile; fileRef = 55D88D1425E93401009EDE24 /* LaunchScreen.storyboard */; };
		55D8918C25EA16F6009EDE24 /* ViewController.swift in Sources */ = {isa = PBXBuildFile; fileRef = 55D8918425EA16F6009EDE24 /* ViewController.swift */; };
		55D8918D25EA16F6009EDE24 /* Assets.xcassets in Resources */ = {isa = PBXBuildFile; fileRef = 55D8918525EA16F6009EDE24 /* Assets.xcassets */; };
		55D8918E25EA16F6009EDE24 /* LaunchScreen.storyboard in Resources */ = {isa = PBXBuildFile; fileRef = 55D8918625EA16F6009EDE24 /* LaunchScreen.storyboard */; };
		55D8918F25EA16F6009EDE24 /* Main.storyboard in Resources */ = {isa = PBXBuildFile; fileRef = 55D8918825EA16F6009EDE24 /* Main.storyboard */; };
		55D8919025EA16F6009EDE24 /* AppDelegate.swift in Sources */ = {isa = PBXBuildFile; fileRef = 55D8918A25EA16F6009EDE24 /* AppDelegate.swift */; };
		55D891CB25EA8357009EDE24 /* ViewController.swift in Sources */ = {isa = PBXBuildFile; fileRef = 55D891C225EA8357009EDE24 /* ViewController.swift */; };
		55D891CC25EA8357009EDE24 /* Assets.xcassets in Resources */ = {isa = PBXBuildFile; fileRef = 55D891C325EA8357009EDE24 /* Assets.xcassets */; };
		55D891CD25EA8357009EDE24 /* LaunchScreen.storyboard in Resources */ = {isa = PBXBuildFile; fileRef = 55D891C425EA8357009EDE24 /* LaunchScreen.storyboard */; };
		55D891CE25EA8357009EDE24 /* Main.storyboard in Resources */ = {isa = PBXBuildFile; fileRef = 55D891C625EA8357009EDE24 /* Main.storyboard */; };
		55D891CF25EA8357009EDE24 /* AppDelegate.swift in Sources */ = {isa = PBXBuildFile; fileRef = 55D891C825EA8357009EDE24 /* AppDelegate.swift */; };
		55D891D125EA8358009EDE24 /* SceneDelegate.swift in Sources */ = {isa = PBXBuildFile; fileRef = 55D891CA25EA8357009EDE24 /* SceneDelegate.swift */; };
/* End PBXBuildFile section */

/* Begin PBXFileReference section */
		5588CD4425E3A9020094601D /* StudyProject.app */ = {isa = PBXFileReference; explicitFileType = wrapper.application; includeInIndex = 0; path = StudyProject.app; sourceTree = BUILT_PRODUCTS_DIR; };
		5588CD4725E3A9020094601D /* AppDelegate.swift */ = {isa = PBXFileReference; lastKnownFileType = sourcecode.swift; path = AppDelegate.swift; sourceTree = "<group>"; };
		5588CD4925E3A9020094601D /* SceneDelegate.swift */ = {isa = PBXFileReference; lastKnownFileType = sourcecode.swift; path = SceneDelegate.swift; sourceTree = "<group>"; };
		5588CD4B25E3A9020094601D /* ViewController.swift */ = {isa = PBXFileReference; lastKnownFileType = sourcecode.swift; path = ViewController.swift; sourceTree = "<group>"; };
		5588CD4E25E3A9020094601D /* Base */ = {isa = PBXFileReference; lastKnownFileType = file.storyboard; name = Base; path = Base.lproj/Main.storyboard; sourceTree = "<group>"; };
		5588CD5025E3A9040094601D /* Assets.xcassets */ = {isa = PBXFileReference; lastKnownFileType = folder.assetcatalog; path = Assets.xcassets; sourceTree = "<group>"; };
		5588CD5325E3A9040094601D /* Base */ = {isa = PBXFileReference; lastKnownFileType = file.storyboard; name = Base; path = Base.lproj/LaunchScreen.storyboard; sourceTree = "<group>"; };
		5588CD5525E3A9040094601D /* Info.plist */ = {isa = PBXFileReference; lastKnownFileType = text.plist.xml; path = Info.plist; sourceTree = "<group>"; };
		5588CD7E25E3AD720094601D /* SwiftUIDemo.app */ = {isa = PBXFileReference; explicitFileType = wrapper.application; includeInIndex = 0; path = SwiftUIDemo.app; sourceTree = BUILT_PRODUCTS_DIR; };
		5588CD8025E3AD720094601D /* AppDelegate.swift */ = {isa = PBXFileReference; lastKnownFileType = sourcecode.swift; path = AppDelegate.swift; sourceTree = "<group>"; };
		5588CD8225E3AD720094601D /* SceneDelegate.swift */ = {isa = PBXFileReference; lastKnownFileType = sourcecode.swift; path = SceneDelegate.swift; sourceTree = "<group>"; };
		5588CD8425E3AD720094601D /* ContentView.swift */ = {isa = PBXFileReference; lastKnownFileType = sourcecode.swift; path = ContentView.swift; sourceTree = "<group>"; };
		5588CD8625E3AD740094601D /* Assets.xcassets */ = {isa = PBXFileReference; lastKnownFileType = folder.assetcatalog; path = Assets.xcassets; sourceTree = "<group>"; };
		5588CD8925E3AD740094601D /* Preview Assets.xcassets */ = {isa = PBXFileReference; lastKnownFileType = folder.assetcatalog; path = "Preview Assets.xcassets"; sourceTree = "<group>"; };
		5588CD8C25E3AD740094601D /* Base */ = {isa = PBXFileReference; lastKnownFileType = file.storyboard; name = Base; path = Base.lproj/LaunchScreen.storyboard; sourceTree = "<group>"; };
		5588CD8E25E3AD740094601D /* Info.plist */ = {isa = PBXFileReference; lastKnownFileType = text.plist.xml; path = Info.plist; sourceTree = "<group>"; };
		5588CDB825E3AE580094601D /* TouchEventHandling.app */ = {isa = PBXFileReference; explicitFileType = wrapper.application; includeInIndex = 0; path = TouchEventHandling.app; sourceTree = BUILT_PRODUCTS_DIR; };
		5588CDBA25E3AE580094601D /* AppDelegate.swift */ = {isa = PBXFileReference; lastKnownFileType = sourcecode.swift; path = AppDelegate.swift; sourceTree = "<group>"; };
		5588CDBC25E3AE580094601D /* SceneDelegate.swift */ = {isa = PBXFileReference; lastKnownFileType = sourcecode.swift; path = SceneDelegate.swift; sourceTree = "<group>"; };
		5588CDBE25E3AE580094601D /* ViewController.swift */ = {isa = PBXFileReference; lastKnownFileType = sourcecode.swift; path = ViewController.swift; sourceTree = "<group>"; };
		5588CDC125E3AE580094601D /* Base */ = {isa = PBXFileReference; lastKnownFileType = file.storyboard; name = Base; path = Base.lproj/Main.storyboard; sourceTree = "<group>"; };
		5588CDC325E3AE5A0094601D /* Assets.xcassets */ = {isa = PBXFileReference; lastKnownFileType = folder.assetcatalog; path = Assets.xcassets; sourceTree = "<group>"; };
		5588CDC625E3AE5A0094601D /* Base */ = {isa = PBXFileReference; lastKnownFileType = file.storyboard; name = Base; path = Base.lproj/LaunchScreen.storyboard; sourceTree = "<group>"; };
		5588CDC825E3AE5A0094601D /* Info.plist */ = {isa = PBXFileReference; lastKnownFileType = text.plist.xml; path = Info.plist; sourceTree = "<group>"; };
		55D88D0725E93400009EDE24 /* MotionAndMenu.app */ = {isa = PBXFileReference; explicitFileType = wrapper.application; includeInIndex = 0; path = MotionAndMenu.app; sourceTree = BUILT_PRODUCTS_DIR; };
		55D88D0925E93400009EDE24 /* AppDelegate.swift */ = {isa = PBXFileReference; lastKnownFileType = sourcecode.swift; path = AppDelegate.swift; sourceTree = "<group>"; };
		55D88D0B25E93400009EDE24 /* SceneDelegate.swift */ = {isa = PBXFileReference; lastKnownFileType = sourcecode.swift; path = SceneDelegate.swift; sourceTree = "<group>"; };
		55D88D0D25E93400009EDE24 /* ViewController.swift */ = {isa = PBXFileReference; lastKnownFileType = sourcecode.swift; path = ViewController.swift; sourceTree = "<group>"; };
		55D88D1025E93400009EDE24 /* Base */ = {isa = PBXFileReference; lastKnownFileType = file.storyboard; name = Base; path = Base.lproj/Main.storyboard; sourceTree = "<group>"; };
		55D88D1225E93401009EDE24 /* Assets.xcassets */ = {isa = PBXFileReference; lastKnownFileType = folder.assetcatalog; path = Assets.xcassets; sourceTree = "<group>"; };
		55D88D1525E93401009EDE24 /* Base */ = {isa = PBXFileReference; lastKnownFileType = file.storyboard; name = Base; path = Base.lproj/LaunchScreen.storyboard; sourceTree = "<group>"; };
		55D88D1725E93401009EDE24 /* Info.plist */ = {isa = PBXFileReference; lastKnownFileType = text.plist.xml; path = Info.plist; sourceTree = "<group>"; };
		55D8917225EA1658009EDE24 /* ControlTest.app */ = {isa = PBXFileReference; explicitFileType = wrapper.application; includeInIndex = 0; path = ControlTest.app; sourceTree = BUILT_PRODUCTS_DIR; };
		55D8918425EA16F6009EDE24 /* ViewController.swift */ = {isa = PBXFileReference; fileEncoding = 4; lastKnownFileType = sourcecode.swift; path = ViewController.swift; sourceTree = "<group>"; };
		55D8918525EA16F6009EDE24 /* Assets.xcassets */ = {isa = PBXFileReference; lastKnownFileType = folder.assetcatalog; path = Assets.xcassets; sourceTree = "<group>"; };
		55D8918725EA16F6009EDE24 /* Base */ = {isa = PBXFileReference; lastKnownFileType = file.storyboard; name = Base; path = Base.lproj/LaunchScreen.storyboard; sourceTree = "<group>"; };
		55D8918925EA16F6009EDE24 /* Base */ = {isa = PBXFileReference; lastKnownFileType = file.storyboard; name = Base; path = Base.lproj/Main.storyboard; sourceTree = "<group>"; };
		55D8918A25EA16F6009EDE24 /* AppDelegate.swift */ = {isa = PBXFileReference; fileEncoding = 4; lastKnownFileType = sourcecode.swift; path = AppDelegate.swift; sourceTree = "<group>"; };
		55D8918B25EA16F6009EDE24 /* Info.plist */ = {isa = PBXFileReference; fileEncoding = 4; lastKnownFileType = text.plist.xml; path = Info.plist; sourceTree = "<group>"; };
		55D891AD25EA80EA009EDE24 /* ImageViewAnimation.app */ = {isa = PBXFileReference; explicitFileType = wrapper.application; includeInIndex = 0; path = ImageViewAnimation.app; sourceTree = BUILT_PRODUCTS_DIR; };
		55D891C225EA8357009EDE24 /* ViewController.swift */ = {isa = PBXFileReference; fileEncoding = 4; lastKnownFileType = sourcecode.swift; path = ViewController.swift; sourceTree = "<group>"; };
		55D891C325EA8357009EDE24 /* Assets.xcassets */ = {isa = PBXFileReference; lastKnownFileType = folder.assetcatalog; path = Assets.xcassets; sourceTree = "<group>"; };
		55D891C525EA8357009EDE24 /* Base */ = {isa = PBXFileReference; lastKnownFileType = file.storyboard; name = Base; path = Base.lproj/LaunchScreen.storyboard; sourceTree = "<group>"; };
		55D891C725EA8357009EDE24 /* Base */ = {isa = PBXFileReference; lastKnownFileType = file.storyboard; name = Base; path = Base.lproj/Main.storyboard; sourceTree = "<group>"; };
		55D891C825EA8357009EDE24 /* AppDelegate.swift */ = {isa = PBXFileReference; fileEncoding = 4; lastKnownFileType = sourcecode.swift; path = AppDelegate.swift; sourceTree = "<group>"; };
		55D891C925EA8357009EDE24 /* Info.plist */ = {isa = PBXFileReference; fileEncoding = 4; lastKnownFileType = text.plist.xml; path = Info.plist; sourceTree = "<group>"; };
		55D891CA25EA8357009EDE24 /* SceneDelegate.swift */ = {isa = PBXFileReference; fileEncoding = 4; lastKnownFileType = sourcecode.swift; path = SceneDelegate.swift; sourceTree = "<group>"; };
/* End PBXFileReference section */

/* Begin PBXFrameworksBuildPhase section */
		5588CD4125E3A9020094601D /* Frameworks */ = {
			isa = PBXFrameworksBuildPhase;
			buildActionMask = 2147483647;
			files = (
			);
			runOnlyForDeploymentPostprocessing = 0;
		};
		5588CD7B25E3AD720094601D /* Frameworks */ = {
			isa = PBXFrameworksBuildPhase;
			buildActionMask = 2147483647;
			files = (
			);
			runOnlyForDeploymentPostprocessing = 0;
		};
		5588CDB525E3AE580094601D /* Frameworks */ = {
			isa = PBXFrameworksBuildPhase;
			buildActionMask = 2147483647;
			files = (
			);
			runOnlyForDeploymentPostprocessing = 0;
		};
		55D88D0425E93400009EDE24 /* Frameworks */ = {
			isa = PBXFrameworksBuildPhase;
			buildActionMask = 2147483647;
			files = (
			);
			runOnlyForDeploymentPostprocessing = 0;
		};
		55D8916A25EA1658009EDE24 /* Frameworks */ = {
			isa = PBXFrameworksBuildPhase;
			buildActionMask = 2147483647;
			files = (
			);
			runOnlyForDeploymentPostprocessing = 0;
		};
		55D891A525EA80EA009EDE24 /* Frameworks */ = {
			isa = PBXFrameworksBuildPhase;
			buildActionMask = 2147483647;
			files = (
			);
			runOnlyForDeploymentPostprocessing = 0;
		};
/* End PBXFrameworksBuildPhase section */

/* Begin PBXGroup section */
		5588CD3B25E3A9020094601D = {
			isa = PBXGroup;
			children = (
				5588CD4625E3A9020094601D /* StudyProject */,
				5588CD7F25E3AD720094601D /* SwiftUIDemo */,
				5588CDB925E3AE580094601D /* TouchEventHandling */,
				55D88D0825E93400009EDE24 /* MotionAndMenu */,
				55D8918325EA16F6009EDE24 /* ControlTest */,
				55D891C125EA8357009EDE24 /* ImageViewAnimation */,
				5588CD4525E3A9020094601D /* Products */,
			);
			sourceTree = "<group>";
		};
		5588CD4525E3A9020094601D /* Products */ = {
			isa = PBXGroup;
			children = (
				5588CD4425E3A9020094601D /* StudyProject.app */,
				5588CD7E25E3AD720094601D /* SwiftUIDemo.app */,
				5588CDB825E3AE580094601D /* TouchEventHandling.app */,
				55D88D0725E93400009EDE24 /* MotionAndMenu.app */,
				55D8917225EA1658009EDE24 /* ControlTest.app */,
				55D891AD25EA80EA009EDE24 /* ImageViewAnimation.app */,
			);
			name = Products;
			sourceTree = "<group>";
		};
		5588CD4625E3A9020094601D /* StudyProject */ = {
			isa = PBXGroup;
			children = (
				5588CD4725E3A9020094601D /* AppDelegate.swift */,
				5588CD4925E3A9020094601D /* SceneDelegate.swift */,
				5588CD4B25E3A9020094601D /* ViewController.swift */,
				5588CD4D25E3A9020094601D /* Main.storyboard */,
				5588CD5025E3A9040094601D /* Assets.xcassets */,
				5588CD5225E3A9040094601D /* LaunchScreen.storyboard */,
				5588CD5525E3A9040094601D /* Info.plist */,
			);
			path = StudyProject;
			sourceTree = "<group>";
		};
		5588CD7F25E3AD720094601D /* SwiftUIDemo */ = {
			isa = PBXGroup;
			children = (
				5588CD8025E3AD720094601D /* AppDelegate.swift */,
				5588CD8225E3AD720094601D /* SceneDelegate.swift */,
				5588CD8425E3AD720094601D /* ContentView.swift */,
				5588CD8625E3AD740094601D /* Assets.xcassets */,
				5588CD8B25E3AD740094601D /* LaunchScreen.storyboard */,
				5588CD8E25E3AD740094601D /* Info.plist */,
				5588CD8825E3AD740094601D /* Preview Content */,
			);
			path = SwiftUIDemo;
			sourceTree = "<group>";
		};
		5588CD8825E3AD740094601D /* Preview Content */ = {
			isa = PBXGroup;
			children = (
				5588CD8925E3AD740094601D /* Preview Assets.xcassets */,
			);
			path = "Preview Content";
			sourceTree = "<group>";
		};
		5588CDB925E3AE580094601D /* TouchEventHandling */ = {
			isa = PBXGroup;
			children = (
				5588CDBA25E3AE580094601D /* AppDelegate.swift */,
				5588CDBC25E3AE580094601D /* SceneDelegate.swift */,
				5588CDBE25E3AE580094601D /* ViewController.swift */,
				5588CDC025E3AE580094601D /* Main.storyboard */,
				5588CDC325E3AE5A0094601D /* Assets.xcassets */,
				5588CDC525E3AE5A0094601D /* LaunchScreen.storyboard */,
				5588CDC825E3AE5A0094601D /* Info.plist */,
			);
			path = TouchEventHandling;
			sourceTree = "<group>";
		};
		55D88D0825E93400009EDE24 /* MotionAndMenu */ = {
			isa = PBXGroup;
			children = (
				55D88D0925E93400009EDE24 /* AppDelegate.swift */,
				55D88D0B25E93400009EDE24 /* SceneDelegate.swift */,
				55D88D0D25E93400009EDE24 /* ViewController.swift */,
				55D88D0F25E93400009EDE24 /* Main.storyboard */,
				55D88D1225E93401009EDE24 /* Assets.xcassets */,
				55D88D1425E93401009EDE24 /* LaunchScreen.storyboard */,
				55D88D1725E93401009EDE24 /* Info.plist */,
			);
			path = MotionAndMenu;
			sourceTree = "<group>";
		};
		55D8918325EA16F6009EDE24 /* ControlTest */ = {
			isa = PBXGroup;
			children = (
				55D8918425EA16F6009EDE24 /* ViewController.swift */,
				55D8918525EA16F6009EDE24 /* Assets.xcassets */,
				55D8918625EA16F6009EDE24 /* LaunchScreen.storyboard */,
				55D8918825EA16F6009EDE24 /* Main.storyboard */,
				55D8918A25EA16F6009EDE24 /* AppDelegate.swift */,
				55D8918B25EA16F6009EDE24 /* Info.plist */,
			);
			path = ControlTest;
			sourceTree = "<group>";
		};
		55D891C125EA8357009EDE24 /* ImageViewAnimation */ = {
			isa = PBXGroup;
			children = (
				55D891C225EA8357009EDE24 /* ViewController.swift */,
				55D891C325EA8357009EDE24 /* Assets.xcassets */,
				55D891C425EA8357009EDE24 /* LaunchScreen.storyboard */,
				55D891C625EA8357009EDE24 /* Main.storyboard */,
				55D891C825EA8357009EDE24 /* AppDelegate.swift */,
				55D891C925EA8357009EDE24 /* Info.plist */,
				55D891CA25EA8357009EDE24 /* SceneDelegate.swift */,
			);
			path = ImageViewAnimation;
			sourceTree = "<group>";
		};
/* End PBXGroup section */

/* Begin PBXNativeTarget section */
		5588CD4325E3A9020094601D /* StudyProject */ = {
			isa = PBXNativeTarget;
			buildConfigurationList = 5588CD6E25E3A9040094601D /* Build configuration list for PBXNativeTarget "StudyProject" */;
			buildPhases = (
				5588CD4025E3A9020094601D /* Sources */,
				5588CD4125E3A9020094601D /* Frameworks */,
				5588CD4225E3A9020094601D /* Resources */,
			);
			buildRules = (
			);
			dependencies = (
			);
			name = StudyProject;
			productName = StudyProject;
			productReference = 5588CD4425E3A9020094601D /* StudyProject.app */;
			productType = "com.apple.product-type.application";
		};
		5588CD7D25E3AD720094601D /* SwiftUIDemo */ = {
			isa = PBXNativeTarget;
			buildConfigurationList = 5588CDA525E3AD740094601D /* Build configuration list for PBXNativeTarget "SwiftUIDemo" */;
			buildPhases = (
				5588CD7A25E3AD720094601D /* Sources */,
				5588CD7B25E3AD720094601D /* Frameworks */,
				5588CD7C25E3AD720094601D /* Resources */,
			);
			buildRules = (
			);
			dependencies = (
			);
			name = SwiftUIDemo;
			productName = SwiftUIDemo;
			productReference = 5588CD7E25E3AD720094601D /* SwiftUIDemo.app */;
			productType = "com.apple.product-type.application";
		};
		5588CDB725E3AE580094601D /* TouchEventHandling */ = {
			isa = PBXNativeTarget;
			buildConfigurationList = 5588CDDF25E3AE5A0094601D /* Build configuration list for PBXNativeTarget "TouchEventHandling" */;
			buildPhases = (
				5588CDB425E3AE580094601D /* Sources */,
				5588CDB525E3AE580094601D /* Frameworks */,
				5588CDB625E3AE580094601D /* Resources */,
			);
			buildRules = (
			);
			dependencies = (
			);
			name = TouchEventHandling;
			productName = TouchEventHandling;
			productReference = 5588CDB825E3AE580094601D /* TouchEventHandling.app */;
			productType = "com.apple.product-type.application";
		};
		55D88D0625E93400009EDE24 /* MotionAndMenu */ = {
			isa = PBXNativeTarget;
			buildConfigurationList = 55D88D1825E93401009EDE24 /* Build configuration list for PBXNativeTarget "MotionAndMenu" */;
			buildPhases = (
				55D88D0325E93400009EDE24 /* Sources */,
				55D88D0425E93400009EDE24 /* Frameworks */,
				55D88D0525E93400009EDE24 /* Resources */,
			);
			buildRules = (
			);
			dependencies = (
			);
			name = MotionAndMenu;
			productName = MotionAndMenu;
			productReference = 55D88D0725E93400009EDE24 /* MotionAndMenu.app */;
			productType = "com.apple.product-type.application";
		};
		55D8916525EA1658009EDE24 /* ControlTest */ = {
			isa = PBXNativeTarget;
			buildConfigurationList = 55D8916F25EA1658009EDE24 /* Build configuration list for PBXNativeTarget "ControlTest" */;
			buildPhases = (
				55D8916625EA1658009EDE24 /* Sources */,
				55D8916A25EA1658009EDE24 /* Frameworks */,
				55D8916B25EA1658009EDE24 /* Resources */,
			);
			buildRules = (
			);
			dependencies = (
			);
			name = ControlTest;
			productName = MotionAndMenu;
			productReference = 55D8917225EA1658009EDE24 /* ControlTest.app */;
			productType = "com.apple.product-type.application";
		};
		55D891A125EA80EA009EDE24 /* ImageViewAnimation */ = {
			isa = PBXNativeTarget;
			buildConfigurationList = 55D891AA25EA80EA009EDE24 /* Build configuration list for PBXNativeTarget "ImageViewAnimation" */;
			buildPhases = (
				55D891A225EA80EA009EDE24 /* Sources */,
				55D891A525EA80EA009EDE24 /* Frameworks */,
				55D891A625EA80EA009EDE24 /* Resources */,
			);
			buildRules = (
			);
			dependencies = (
			);
			name = ImageViewAnimation;
			productName = MotionAndMenu;
			productReference = 55D891AD25EA80EA009EDE24 /* ImageViewAnimation.app */;
			productType = "com.apple.product-type.application";
		};
/* End PBXNativeTarget section */

/* Begin PBXProject section */
		5588CD3C25E3A9020094601D /* Project object */ = {
			isa = PBXProject;
			attributes = {
				LastSwiftUpdateCheck = 1240;
				LastUpgradeCheck = 1240;
				TargetAttributes = {
					5588CD4325E3A9020094601D = {
						CreatedOnToolsVersion = 12.4;
					};
					5588CD7D25E3AD720094601D = {
						CreatedOnToolsVersion = 12.4;
					};
					5588CDB725E3AE580094601D = {
						CreatedOnToolsVersion = 12.4;
					};
					55D88D0625E93400009EDE24 = {
						CreatedOnToolsVersion = 12.4;
					};
				};
			};
			buildConfigurationList = 5588CD3F25E3A9020094601D /* Build configuration list for PBXProject "StudyProject" */;
			compatibilityVersion = "Xcode 9.3";
			developmentRegion = en;
			hasScannedForEncodings = 0;
			knownRegions = (
				en,
				Base,
			);
			mainGroup = 5588CD3B25E3A9020094601D;
			productRefGroup = 5588CD4525E3A9020094601D /* Products */;
			projectDirPath = "";
			projectRoot = "";
			targets = (
				5588CD4325E3A9020094601D /* StudyProject */,
				5588CD7D25E3AD720094601D /* SwiftUIDemo */,
				5588CDB725E3AE580094601D /* TouchEventHandling */,
				55D88D0625E93400009EDE24 /* MotionAndMenu */,
				55D8916525EA1658009EDE24 /* ControlTest */,
				55D891A125EA80EA009EDE24 /* ImageViewAnimation */,
			);
		};
/* End PBXProject section */

/* Begin PBXResourcesBuildPhase section */
		5588CD4225E3A9020094601D /* Resources */ = {
			isa = PBXResourcesBuildPhase;
			buildActionMask = 2147483647;
			files = (
				5588CD5425E3A9040094601D /* LaunchScreen.storyboard in Resources */,
				5588CD5125E3A9040094601D /* Assets.xcassets in Resources */,
				5588CD4F25E3A9020094601D /* Main.storyboard in Resources */,
			);
			runOnlyForDeploymentPostprocessing = 0;
		};
		5588CD7C25E3AD720094601D /* Resources */ = {
			isa = PBXResourcesBuildPhase;
			buildActionMask = 2147483647;
			files = (
				5588CD8D25E3AD740094601D /* LaunchScreen.storyboard in Resources */,
				5588CD8A25E3AD740094601D /* Preview Assets.xcassets in Resources */,
				5588CD8725E3AD740094601D /* Assets.xcassets in Resources */,
			);
			runOnlyForDeploymentPostprocessing = 0;
		};
		5588CDB625E3AE580094601D /* Resources */ = {
			isa = PBXResourcesBuildPhase;
			buildActionMask = 2147483647;
			files = (
				5588CDC725E3AE5A0094601D /* LaunchScreen.storyboard in Resources */,
				5588CDC425E3AE5A0094601D /* Assets.xcassets in Resources */,
				5588CDC225E3AE580094601D /* Main.storyboard in Resources */,
			);
			runOnlyForDeploymentPostprocessing = 0;
		};
		55D88D0525E93400009EDE24 /* Resources */ = {
			isa = PBXResourcesBuildPhase;
			buildActionMask = 2147483647;
			files = (
				55D88D1625E93401009EDE24 /* LaunchScreen.storyboard in Resources */,
				55D88D1325E93401009EDE24 /* Assets.xcassets in Resources */,
				55D88D1125E93400009EDE24 /* Main.storyboard in Resources */,
			);
			runOnlyForDeploymentPostprocessing = 0;
		};
		55D8916B25EA1658009EDE24 /* Resources */ = {
			isa = PBXResourcesBuildPhase;
			buildActionMask = 2147483647;
			files = (
				55D8918F25EA16F6009EDE24 /* Main.storyboard in Resources */,
				55D8918D25EA16F6009EDE24 /* Assets.xcassets in Resources */,
				55D8918E25EA16F6009EDE24 /* LaunchScreen.storyboard in Resources */,
			);
			runOnlyForDeploymentPostprocessing = 0;
		};
		55D891A625EA80EA009EDE24 /* Resources */ = {
			isa = PBXResourcesBuildPhase;
			buildActionMask = 2147483647;
			files = (
				55D891CE25EA8357009EDE24 /* Main.storyboard in Resources */,
				55D891CC25EA8357009EDE24 /* Assets.xcassets in Resources */,
				55D891CD25EA8357009EDE24 /* LaunchScreen.storyboard in Resources */,
			);
			runOnlyForDeploymentPostprocessing = 0;
		};
/* End PBXResourcesBuildPhase section */

/* Begin PBXSourcesBuildPhase section */
		5588CD4025E3A9020094601D /* Sources */ = {
			isa = PBXSourcesBuildPhase;
			buildActionMask = 2147483647;
			files = (
				5588CD4C25E3A9020094601D /* ViewController.swift in Sources */,
				5588CD4825E3A9020094601D /* AppDelegate.swift in Sources */,
				5588CD4A25E3A9020094601D /* SceneDelegate.swift in Sources */,
			);
			runOnlyForDeploymentPostprocessing = 0;
		};
		5588CD7A25E3AD720094601D /* Sources */ = {
			isa = PBXSourcesBuildPhase;
			buildActionMask = 2147483647;
			files = (
				5588CD8125E3AD720094601D /* AppDelegate.swift in Sources */,
				5588CD8325E3AD720094601D /* SceneDelegate.swift in Sources */,
				5588CD8525E3AD720094601D /* ContentView.swift in Sources */,
			);
			runOnlyForDeploymentPostprocessing = 0;
		};
		5588CDB425E3AE580094601D /* Sources */ = {
			isa = PBXSourcesBuildPhase;
			buildActionMask = 2147483647;
			files = (
				5588CDBF25E3AE580094601D /* ViewController.swift in Sources */,
				5588CDBB25E3AE580094601D /* AppDelegate.swift in Sources */,
				5588CDBD25E3AE580094601D /* SceneDelegate.swift in Sources */,
			);
			runOnlyForDeploymentPostprocessing = 0;
		};
		55D88D0325E93400009EDE24 /* Sources */ = {
			isa = PBXSourcesBuildPhase;
			buildActionMask = 2147483647;
			files = (
				55D88D0E25E93400009EDE24 /* ViewController.swift in Sources */,
				55D88D0A25E93400009EDE24 /* AppDelegate.swift in Sources */,
				55D88D0C25E93400009EDE24 /* SceneDelegate.swift in Sources */,
			);
			runOnlyForDeploymentPostprocessing = 0;
		};
		55D8916625EA1658009EDE24 /* Sources */ = {
			isa = PBXSourcesBuildPhase;
			buildActionMask = 2147483647;
			files = (
				55D8919025EA16F6009EDE24 /* AppDelegate.swift in Sources */,
				55D8918C25EA16F6009EDE24 /* ViewController.swift in Sources */,
			);
			runOnlyForDeploymentPostprocessing = 0;
		};
		55D891A225EA80EA009EDE24 /* Sources */ = {
			isa = PBXSourcesBuildPhase;
			buildActionMask = 2147483647;
			files = (
				55D891CF25EA8357009EDE24 /* AppDelegate.swift in Sources */,
				55D891CB25EA8357009EDE24 /* ViewController.swift in Sources */,
				55D891D125EA8358009EDE24 /* SceneDelegate.swift in Sources */,
			);
			runOnlyForDeploymentPostprocessing = 0;
		};
/* End PBXSourcesBuildPhase section */

/* Begin PBXVariantGroup section */
		5588CD4D25E3A9020094601D /* Main.storyboard */ = {
			isa = PBXVariantGroup;
			children = (
				5588CD4E25E3A9020094601D /* Base */,
			);
			name = Main.storyboard;
			sourceTree = "<group>";
		};
		5588CD5225E3A9040094601D /* LaunchScreen.storyboard */ = {
			isa = PBXVariantGroup;
			children = (
				5588CD5325E3A9040094601D /* Base */,
			);
			name = LaunchScreen.storyboard;
			sourceTree = "<group>";
		};
		5588CD8B25E3AD740094601D /* LaunchScreen.storyboard */ = {
			isa = PBXVariantGroup;
			children = (
				5588CD8C25E3AD740094601D /* Base */,
			);
			name = LaunchScreen.storyboard;
			sourceTree = "<group>";
		};
		5588CDC025E3AE580094601D /* Main.storyboard */ = {
			isa = PBXVariantGroup;
			children = (
				5588CDC125E3AE580094601D /* Base */,
			);
			name = Main.storyboard;
			sourceTree = "<group>";
		};
		5588CDC525E3AE5A0094601D /* LaunchScreen.storyboard */ = {
			isa = PBXVariantGroup;
			children = (
				5588CDC625E3AE5A0094601D /* Base */,
			);
			name = LaunchScreen.storyboard;
			sourceTree = "<group>";
		};
		55D88D0F25E93400009EDE24 /* Main.storyboard */ = {
			isa = PBXVariantGroup;
			children = (
				55D88D1025E93400009EDE24 /* Base */,
			);
			name = Main.storyboard;
			sourceTree = "<group>";
		};
		55D88D1425E93401009EDE24 /* LaunchScreen.storyboard */ = {
			isa = PBXVariantGroup;
			children = (
				55D88D1525E93401009EDE24 /* Base */,
			);
			name = LaunchScreen.storyboard;
			sourceTree = "<group>";
		};
		55D8918625EA16F6009EDE24 /* LaunchScreen.storyboard */ = {
			isa = PBXVariantGroup;
			children = (
				55D8918725EA16F6009EDE24 /* Base */,
			);
			name = LaunchScreen.storyboard;
			sourceTree = "<group>";
		};
		55D8918825EA16F6009EDE24 /* Main.storyboard */ = {
			isa = PBXVariantGroup;
			children = (
				55D8918925EA16F6009EDE24 /* Base */,
			);
			name = Main.storyboard;
			sourceTree = "<group>";
		};
		55D891C425EA8357009EDE24 /* LaunchScreen.storyboard */ = {
			isa = PBXVariantGroup;
			children = (
				55D891C525EA8357009EDE24 /* Base */,
			);
			name = LaunchScreen.storyboard;
			sourceTree = "<group>";
		};
		55D891C625EA8357009EDE24 /* Main.storyboard */ = {
			isa = PBXVariantGroup;
			children = (
				55D891C725EA8357009EDE24 /* Base */,
			);
			name = Main.storyboard;
			sourceTree = "<group>";
		};
/* End PBXVariantGroup section */

/* Begin XCBuildConfiguration section */
		5588CD6C25E3A9040094601D /* Debug */ = {
			isa = XCBuildConfiguration;
			buildSettings = {
				ALWAYS_SEARCH_USER_PATHS = NO;
				CLANG_ANALYZER_NONNULL = YES;
				CLANG_ANALYZER_NUMBER_OBJECT_CONVERSION = YES_AGGRESSIVE;
				CLANG_CXX_LANGUAGE_STANDARD = "gnu++14";
				CLANG_CXX_LIBRARY = "libc++";
				CLANG_ENABLE_MODULES = YES;
				CLANG_ENABLE_OBJC_ARC = YES;
				CLANG_ENABLE_OBJC_WEAK = YES;
				CLANG_WARN_BLOCK_CAPTURE_AUTORELEASING = YES;
				CLANG_WARN_BOOL_CONVERSION = YES;
				CLANG_WARN_COMMA = YES;
				CLANG_WARN_CONSTANT_CONVERSION = YES;
				CLANG_WARN_DEPRECATED_OBJC_IMPLEMENTATIONS = YES;
				CLANG_WARN_DIRECT_OBJC_ISA_USAGE = YES_ERROR;
				CLANG_WARN_DOCUMENTATION_COMMENTS = YES;
				CLANG_WARN_EMPTY_BODY = YES;
				CLANG_WARN_ENUM_CONVERSION = YES;
				CLANG_WARN_INFINITE_RECURSION = YES;
				CLANG_WARN_INT_CONVERSION = YES;
				CLANG_WARN_NON_LITERAL_NULL_CONVERSION = YES;
				CLANG_WARN_OBJC_IMPLICIT_RETAIN_SELF = YES;
				CLANG_WARN_OBJC_LITERAL_CONVERSION = YES;
				CLANG_WARN_OBJC_ROOT_CLASS = YES_ERROR;
				CLANG_WARN_QUOTED_INCLUDE_IN_FRAMEWORK_HEADER = YES;
				CLANG_WARN_RANGE_LOOP_ANALYSIS = YES;
				CLANG_WARN_STRICT_PROTOTYPES = YES;
				CLANG_WARN_SUSPICIOUS_MOVE = YES;
				CLANG_WARN_UNGUARDED_AVAILABILITY = YES_AGGRESSIVE;
				CLANG_WARN_UNREACHABLE_CODE = YES;
				CLANG_WARN__DUPLICATE_METHOD_MATCH = YES;
				COPY_PHASE_STRIP = NO;
				DEBUG_INFORMATION_FORMAT = dwarf;
				ENABLE_STRICT_OBJC_MSGSEND = YES;
				ENABLE_TESTABILITY = YES;
				GCC_C_LANGUAGE_STANDARD = gnu11;
				GCC_DYNAMIC_NO_PIC = NO;
				GCC_NO_COMMON_BLOCKS = YES;
				GCC_OPTIMIZATION_LEVEL = 0;
				GCC_PREPROCESSOR_DEFINITIONS = (
					"DEBUG=1",
					"$(inherited)",
				);
				GCC_WARN_64_TO_32_BIT_CONVERSION = YES;
				GCC_WARN_ABOUT_RETURN_TYPE = YES_ERROR;
				GCC_WARN_UNDECLARED_SELECTOR = YES;
				GCC_WARN_UNINITIALIZED_AUTOS = YES_AGGRESSIVE;
				GCC_WARN_UNUSED_FUNCTION = YES;
				GCC_WARN_UNUSED_VARIABLE = YES;
				IPHONEOS_DEPLOYMENT_TARGET = 14.4;
				MTL_ENABLE_DEBUG_INFO = INCLUDE_SOURCE;
				MTL_FAST_MATH = YES;
				ONLY_ACTIVE_ARCH = YES;
				SDKROOT = iphoneos;
				SWIFT_ACTIVE_COMPILATION_CONDITIONS = DEBUG;
				SWIFT_OPTIMIZATION_LEVEL = "-Onone";
			};
			name = Debug;
		};
		5588CD6D25E3A9040094601D /* Release */ = {
			isa = XCBuildConfiguration;
			buildSettings = {
				ALWAYS_SEARCH_USER_PATHS = NO;
				CLANG_ANALYZER_NONNULL = YES;
				CLANG_ANALYZER_NUMBER_OBJECT_CONVERSION = YES_AGGRESSIVE;
				CLANG_CXX_LANGUAGE_STANDARD = "gnu++14";
				CLANG_CXX_LIBRARY = "libc++";
				CLANG_ENABLE_MODULES = YES;
				CLANG_ENABLE_OBJC_ARC = YES;
				CLANG_ENABLE_OBJC_WEAK = YES;
				CLANG_WARN_BLOCK_CAPTURE_AUTORELEASING = YES;
				CLANG_WARN_BOOL_CONVERSION = YES;
				CLANG_WARN_COMMA = YES;
				CLANG_WARN_CONSTANT_CONVERSION = YES;
				CLANG_WARN_DEPRECATED_OBJC_IMPLEMENTATIONS = YES;
				CLANG_WARN_DIRECT_OBJC_ISA_USAGE = YES_ERROR;
				CLANG_WARN_DOCUMENTATION_COMMENTS = YES;
				CLANG_WARN_EMPTY_BODY = YES;
				CLANG_WARN_ENUM_CONVERSION = YES;
				CLANG_WARN_INFINITE_RECURSION = YES;
				CLANG_WARN_INT_CONVERSION = YES;
				CLANG_WARN_NON_LITERAL_NULL_CONVERSION = YES;
				CLANG_WARN_OBJC_IMPLICIT_RETAIN_SELF = YES;
				CLANG_WARN_OBJC_LITERAL_CONVERSION = YES;
				CLANG_WARN_OBJC_ROOT_CLASS = YES_ERROR;
				CLANG_WARN_QUOTED_INCLUDE_IN_FRAMEWORK_HEADER = YES;
				CLANG_WARN_RANGE_LOOP_ANALYSIS = YES;
				CLANG_WARN_STRICT_PROTOTYPES = YES;
				CLANG_WARN_SUSPICIOUS_MOVE = YES;
				CLANG_WARN_UNGUARDED_AVAILABILITY = YES_AGGRESSIVE;
				CLANG_WARN_UNREACHABLE_CODE = YES;
				CLANG_WARN__DUPLICATE_METHOD_MATCH = YES;
				COPY_PHASE_STRIP = NO;
				DEBUG_INFORMATION_FORMAT = "dwarf-with-dsym";
				ENABLE_NS_ASSERTIONS = NO;
				ENABLE_STRICT_OBJC_MSGSEND = YES;
				GCC_C_LANGUAGE_STANDARD = gnu11;
				GCC_NO_COMMON_BLOCKS = YES;
				GCC_WARN_64_TO_32_BIT_CONVERSION = YES;
				GCC_WARN_ABOUT_RETURN_TYPE = YES_ERROR;
				GCC_WARN_UNDECLARED_SELECTOR = YES;
				GCC_WARN_UNINITIALIZED_AUTOS = YES_AGGRESSIVE;
				GCC_WARN_UNUSED_FUNCTION = YES;
				GCC_WARN_UNUSED_VARIABLE = YES;
				IPHONEOS_DEPLOYMENT_TARGET = 14.4;
				MTL_ENABLE_DEBUG_INFO = NO;
				MTL_FAST_MATH = YES;
				SDKROOT = iphoneos;
				SWIFT_COMPILATION_MODE = wholemodule;
				SWIFT_OPTIMIZATION_LEVEL = "-O";
				VALIDATE_PRODUCT = YES;
			};
			name = Release;
		};
		5588CD6F25E3A9040094601D /* Debug */ = {
			isa = XCBuildConfiguration;
			buildSettings = {
				ASSETCATALOG_COMPILER_APPICON_NAME = AppIcon;
				ASSETCATALOG_COMPILER_GLOBAL_ACCENT_COLOR_NAME = AccentColor;
				CODE_SIGN_STYLE = Automatic;
				INFOPLIST_FILE = StudyProject/Info.plist;
				LD_RUNPATH_SEARCH_PATHS = (
					"$(inherited)",
					"@executable_path/Frameworks",
				);
				PRODUCT_BUNDLE_IDENTIFIER = kakao.yoond.StudyProject;
				PRODUCT_NAME = "$(TARGET_NAME)";
				SWIFT_VERSION = 5.0;
				TARGETED_DEVICE_FAMILY = "1,2";
			};
			name = Debug;
		};
		5588CD7025E3A9040094601D /* Release */ = {
			isa = XCBuildConfiguration;
			buildSettings = {
				ASSETCATALOG_COMPILER_APPICON_NAME = AppIcon;
				ASSETCATALOG_COMPILER_GLOBAL_ACCENT_COLOR_NAME = AccentColor;
				CODE_SIGN_STYLE = Automatic;
				INFOPLIST_FILE = StudyProject/Info.plist;
				LD_RUNPATH_SEARCH_PATHS = (
					"$(inherited)",
					"@executable_path/Frameworks",
				);
				PRODUCT_BUNDLE_IDENTIFIER = kakao.yoond.StudyProject;
				PRODUCT_NAME = "$(TARGET_NAME)";
				SWIFT_VERSION = 5.0;
				TARGETED_DEVICE_FAMILY = "1,2";
			};
			name = Release;
		};
		5588CDA625E3AD740094601D /* Debug */ = {
			isa = XCBuildConfiguration;
			buildSettings = {
				ASSETCATALOG_COMPILER_APPICON_NAME = AppIcon;
				ASSETCATALOG_COMPILER_GLOBAL_ACCENT_COLOR_NAME = AccentColor;
				CODE_SIGN_STYLE = Automatic;
				DEVELOPMENT_ASSET_PATHS = "\"SwiftUIDemo/Preview Content\"";
				ENABLE_PREVIEWS = YES;
				INFOPLIST_FILE = SwiftUIDemo/Info.plist;
				LD_RUNPATH_SEARCH_PATHS = (
					"$(inherited)",
					"@executable_path/Frameworks",
				);
				PRODUCT_BUNDLE_IDENTIFIER = kakao.yoond.SwiftUIDemo;
				PRODUCT_NAME = "$(TARGET_NAME)";
				SWIFT_VERSION = 5.0;
				TARGETED_DEVICE_FAMILY = "1,2";
			};
			name = Debug;
		};
		5588CDA725E3AD740094601D /* Release */ = {
			isa = XCBuildConfiguration;
			buildSettings = {
				ASSETCATALOG_COMPILER_APPICON_NAME = AppIcon;
				ASSETCATALOG_COMPILER_GLOBAL_ACCENT_COLOR_NAME = AccentColor;
				CODE_SIGN_STYLE = Automatic;
				DEVELOPMENT_ASSET_PATHS = "\"SwiftUIDemo/Preview Content\"";
				ENABLE_PREVIEWS = YES;
				INFOPLIST_FILE = SwiftUIDemo/Info.plist;
				LD_RUNPATH_SEARCH_PATHS = (
					"$(inherited)",
					"@executable_path/Frameworks",
				);
				PRODUCT_BUNDLE_IDENTIFIER = kakao.yoond.SwiftUIDemo;
				PRODUCT_NAME = "$(TARGET_NAME)";
				SWIFT_VERSION = 5.0;
				TARGETED_DEVICE_FAMILY = "1,2";
			};
			name = Release;
		};
		5588CDE025E3AE5A0094601D /* Debug */ = {
			isa = XCBuildConfiguration;
			buildSettings = {
				ASSETCATALOG_COMPILER_APPICON_NAME = AppIcon;
				ASSETCATALOG_COMPILER_GLOBAL_ACCENT_COLOR_NAME = AccentColor;
				CODE_SIGN_STYLE = Automatic;
				INFOPLIST_FILE = TouchEventHandling/Info.plist;
				LD_RUNPATH_SEARCH_PATHS = (
					"$(inherited)",
					"@executable_path/Frameworks",
				);
				PRODUCT_BUNDLE_IDENTIFIER = kakao.yoond.TouchEventHandling;
				PRODUCT_NAME = "$(TARGET_NAME)";
				SWIFT_VERSION = 5.0;
				TARGETED_DEVICE_FAMILY = "1,2";
			};
			name = Debug;
		};
		5588CDE125E3AE5A0094601D /* Release */ = {
			isa = XCBuildConfiguration;
			buildSettings = {
				ASSETCATALOG_COMPILER_APPICON_NAME = AppIcon;
				ASSETCATALOG_COMPILER_GLOBAL_ACCENT_COLOR_NAME = AccentColor;
				CODE_SIGN_STYLE = Automatic;
				INFOPLIST_FILE = TouchEventHandling/Info.plist;
				LD_RUNPATH_SEARCH_PATHS = (
					"$(inherited)",
					"@executable_path/Frameworks",
				);
				PRODUCT_BUNDLE_IDENTIFIER = kakao.yoond.TouchEventHandling;
				PRODUCT_NAME = "$(TARGET_NAME)";
				SWIFT_VERSION = 5.0;
				TARGETED_DEVICE_FAMILY = "1,2";
			};
			name = Release;
		};
		55D88D1925E93401009EDE24 /* Debug */ = {
			isa = XCBuildConfiguration;
			buildSettings = {
				ASSETCATALOG_COMPILER_APPICON_NAME = AppIcon;
				ASSETCATALOG_COMPILER_GLOBAL_ACCENT_COLOR_NAME = AccentColor;
				CODE_SIGN_STYLE = Automatic;
				INFOPLIST_FILE = MotionAndMenu/Info.plist;
				LD_RUNPATH_SEARCH_PATHS = (
					"$(inherited)",
					"@executable_path/Frameworks",
				);
				PRODUCT_BUNDLE_IDENTIFIER = kakao.yoond.MotionAndMenu;
				PRODUCT_NAME = "$(TARGET_NAME)";
				SWIFT_VERSION = 5.0;
				TARGETED_DEVICE_FAMILY = "1,2";
			};
			name = Debug;
		};
		55D88D1A25E93401009EDE24 /* Release */ = {
			isa = XCBuildConfiguration;
			buildSettings = {
				ASSETCATALOG_COMPILER_APPICON_NAME = AppIcon;
				ASSETCATALOG_COMPILER_GLOBAL_ACCENT_COLOR_NAME = AccentColor;
				CODE_SIGN_STYLE = Automatic;
				INFOPLIST_FILE = MotionAndMenu/Info.plist;
				LD_RUNPATH_SEARCH_PATHS = (
					"$(inherited)",
					"@executable_path/Frameworks",
				);
				PRODUCT_BUNDLE_IDENTIFIER = kakao.yoond.MotionAndMenu;
				PRODUCT_NAME = "$(TARGET_NAME)";
				SWIFT_VERSION = 5.0;
				TARGETED_DEVICE_FAMILY = "1,2";
			};
			name = Release;
		};
		55D8917025EA1658009EDE24 /* Debug */ = {
			isa = XCBuildConfiguration;
			buildSettings = {
				ASSETCATALOG_COMPILER_APPICON_NAME = AppIcon;
				ASSETCATALOG_COMPILER_GLOBAL_ACCENT_COLOR_NAME = AccentColor;
				CODE_SIGN_STYLE = Automatic;
				INFOPLIST_FILE = ControlTest/info.plist;
				LD_RUNPATH_SEARCH_PATHS = (
					"$(inherited)",
					"@executable_path/Frameworks",
				);
				PRODUCT_BUNDLE_IDENTIFIER = kakao.yoond.MotionAndMenu;
				PRODUCT_NAME = "$(TARGET_NAME)";
				SWIFT_VERSION = 5.0;
				TARGETED_DEVICE_FAMILY = "1,2";
			};
			name = Debug;
		};
		55D8917125EA1658009EDE24 /* Release */ = {
			isa = XCBuildConfiguration;
			buildSettings = {
				ASSETCATALOG_COMPILER_APPICON_NAME = AppIcon;
				ASSETCATALOG_COMPILER_GLOBAL_ACCENT_COLOR_NAME = AccentColor;
				CODE_SIGN_STYLE = Automatic;
				INFOPLIST_FILE = ControlTest/info.plist;
				LD_RUNPATH_SEARCH_PATHS = (
					"$(inherited)",
					"@executable_path/Frameworks",
				);
				PRODUCT_BUNDLE_IDENTIFIER = kakao.yoond.MotionAndMenu;
				PRODUCT_NAME = "$(TARGET_NAME)";
				SWIFT_VERSION = 5.0;
				TARGETED_DEVICE_FAMILY = "1,2";
			};
			name = Release;
		};
		55D891AB25EA80EA009EDE24 /* Debug */ = {
			isa = XCBuildConfiguration;
			buildSettings = {
				ASSETCATALOG_COMPILER_APPICON_NAME = AppIcon;
				ASSETCATALOG_COMPILER_GLOBAL_ACCENT_COLOR_NAME = AccentColor;
				CODE_SIGN_STYLE = Automatic;
				INFOPLIST_FILE = ImageViewAnimation/info.plist;
				LD_RUNPATH_SEARCH_PATHS = (
					"$(inherited)",
					"@executable_path/Frameworks",
				);
				PRODUCT_BUNDLE_IDENTIFIER = kakao.yoond.MotionAndMenu;
				PRODUCT_NAME = "$(TARGET_NAME)";
				SWIFT_VERSION = 5.0;
				TARGETED_DEVICE_FAMILY = "1,2";
			};
			name = Debug;
		};
		55D891AC25EA80EA009EDE24 /* Release */ = {
			isa = XCBuildConfiguration;
			buildSettings = {
				ASSETCATALOG_COMPILER_APPICON_NAME = AppIcon;
				ASSETCATALOG_COMPILER_GLOBAL_ACCENT_COLOR_NAME = AccentColor;
				CODE_SIGN_STYLE = Automatic;
				INFOPLIST_FILE = ImageViewAnimation/info.plist;
				LD_RUNPATH_SEARCH_PATHS = (
					"$(inherited)",
					"@executable_path/Frameworks",
				);
				PRODUCT_BUNDLE_IDENTIFIER = kakao.yoond.MotionAndMenu;
				PRODUCT_NAME = "$(TARGET_NAME)";
				SWIFT_VERSION = 5.0;
				TARGETED_DEVICE_FAMILY = "1,2";
			};
			name = Release;
		};
/* End XCBuildConfiguration section */

/* Begin XCConfigurationList section */
		5588CD3F25E3A9020094601D /* Build configuration list for PBXProject "StudyProject" */ = {
			isa = XCConfigurationList;
			buildConfigurations = (
				5588CD6C25E3A9040094601D /* Debug */,
				5588CD6D25E3A9040094601D /* Release */,
			);
			defaultConfigurationIsVisible = 0;
			defaultConfigurationName = Release;
		};
		5588CD6E25E3A9040094601D /* Build configuration list for PBXNativeTarget "StudyProject" */ = {
			isa = XCConfigurationList;
			buildConfigurations = (
				5588CD6F25E3A9040094601D /* Debug */,
				5588CD7025E3A9040094601D /* Release */,
			);
			defaultConfigurationIsVisible = 0;
			defaultConfigurationName = Release;
		};
		5588CDA525E3AD740094601D /* Build configuration list for PBXNativeTarget "SwiftUIDemo" */ = {
			isa = XCConfigurationList;
			buildConfigurations = (
				5588CDA625E3AD740094601D /* Debug */,
				5588CDA725E3AD740094601D /* Release */,
			);
			defaultConfigurationIsVisible = 0;
			defaultConfigurationName = Release;
		};
		5588CDDF25E3AE5A0094601D /* Build configuration list for PBXNativeTarget "TouchEventHandling" */ = {
			isa = XCConfigurationList;
			buildConfigurations = (
				5588CDE025E3AE5A0094601D /* Debug */,
				5588CDE125E3AE5A0094601D /* Release */,
			);
			defaultConfigurationIsVisible = 0;
			defaultConfigurationName = Release;
		};
		55D88D1825E93401009EDE24 /* Build configuration list for PBXNativeTarget "MotionAndMenu" */ = {
			isa = XCConfigurationList;
			buildConfigurations = (
				55D88D1925E93401009EDE24 /* Debug */,
				55D88D1A25E93401009EDE24 /* Release */,
			);
			defaultConfigurationIsVisible = 0;
			defaultConfigurationName = Release;
		};
		55D8916F25EA1658009EDE24 /* Build configuration list for PBXNativeTarget "ControlTest" */ = {
			isa = XCConfigurationList;
			buildConfigurations = (
				55D8917025EA1658009EDE24 /* Debug */,
				55D8917125EA1658009EDE24 /* Release */,
			);
			defaultConfigurationIsVisible = 0;
			defaultConfigurationName = Release;
		};
		55D891AA25EA80EA009EDE24 /* Build configuration list for PBXNativeTarget "ImageViewAnimation" */ = {
			isa = XCConfigurationList;
			buildConfigurations = (
				55D891AB25EA80EA009EDE24 /* Debug */,
				55D891AC25EA80EA009EDE24 /* Release */,
			);
			defaultConfigurationIsVisible = 0;
			defaultConfigurationName = Release;
		};
/* End XCConfigurationList section */
	};
	rootObject = 5588CD3C25E3A9020094601D /* Project object */;
}
