// !$*UTF8*$!
{
	archiveVersion = 1;
	classes = {
	};
	objectVersion = 50;
	objects = {

/* Begin PBXBuildFile section */
		55D460BB270DB7A100126D0F /* AppDelegate.swift in Sources */ = {isa = PBXBuildFile; fileRef = 55D460BA270DB7A100126D0F /* AppDelegate.swift */; };
		55D460BD270DB7A100126D0F /* SceneDelegate.swift in Sources */ = {isa = PBXBuildFile; fileRef = 55D460BC270DB7A100126D0F /* SceneDelegate.swift */; };
		55D460BF270DB7A100126D0F /* ViewController.swift in Sources */ = {isa = PBXBuildFile; fileRef = 55D460BE270DB7A100126D0F /* ViewController.swift */; };
		55D460C2270DB7A100126D0F /* Main.storyboard in Resources */ = {isa = PBXBuildFile; fileRef = 55D460C0270DB7A100126D0F /* Main.storyboard */; };
		55D460C4270DB7A200126D0F /* Assets.xcassets in Resources */ = {isa = PBXBuildFile; fileRef = 55D460C3270DB7A200126D0F /* Assets.xcassets */; };
		55D460C7270DB7A200126D0F /* LaunchScreen.storyboard in Resources */ = {isa = PBXBuildFile; fileRef = 55D460C5270DB7A200126D0F /* LaunchScreen.storyboard */; };
		55D460D6270DBD2A00126D0F /* AppDelegate.swift in Sources */ = {isa = PBXBuildFile; fileRef = 55D460D5270DBD2A00126D0F /* AppDelegate.swift */; };
		55D460D8270DBD2A00126D0F /* SceneDelegate.swift in Sources */ = {isa = PBXBuildFile; fileRef = 55D460D7270DBD2A00126D0F /* SceneDelegate.swift */; };
		55D460DA270DBD2A00126D0F /* ViewController.swift in Sources */ = {isa = PBXBuildFile; fileRef = 55D460D9270DBD2A00126D0F /* ViewController.swift */; };
		55D460DD270DBD2A00126D0F /* Main.storyboard in Resources */ = {isa = PBXBuildFile; fileRef = 55D460DB270DBD2A00126D0F /* Main.storyboard */; };
		55D460DF270DBD2B00126D0F /* Assets.xcassets in Resources */ = {isa = PBXBuildFile; fileRef = 55D460DE270DBD2B00126D0F /* Assets.xcassets */; };
		55D460E2270DBD2B00126D0F /* LaunchScreen.storyboard in Resources */ = {isa = PBXBuildFile; fileRef = 55D460E0270DBD2B00126D0F /* LaunchScreen.storyboard */; };
		55D460EE270DC1F700126D0F /* wine01.png in Resources */ = {isa = PBXBuildFile; fileRef = 55D460EC270DC1F700126D0F /* wine01.png */; };
		55D460EF270DC1F700126D0F /* wine01.png in Resources */ = {isa = PBXBuildFile; fileRef = 55D460EC270DC1F700126D0F /* wine01.png */; };
		55D460F0270DC1F700126D0F /* wine02.png in Resources */ = {isa = PBXBuildFile; fileRef = 55D460ED270DC1F700126D0F /* wine02.png */; };
		55D460F1270DC1F700126D0F /* wine02.png in Resources */ = {isa = PBXBuildFile; fileRef = 55D460ED270DC1F700126D0F /* wine02.png */; };
		55D460FD27106EA700126D0F /* AppDelegate.swift in Sources */ = {isa = PBXBuildFile; fileRef = 55D460FC27106EA700126D0F /* AppDelegate.swift */; };
		55D460FF27106EA700126D0F /* SceneDelegate.swift in Sources */ = {isa = PBXBuildFile; fileRef = 55D460FE27106EA700126D0F /* SceneDelegate.swift */; };
		55D4610127106EA700126D0F /* ViewController.swift in Sources */ = {isa = PBXBuildFile; fileRef = 55D4610027106EA700126D0F /* ViewController.swift */; };
		55D4610427106EA700126D0F /* Main.storyboard in Resources */ = {isa = PBXBuildFile; fileRef = 55D4610227106EA700126D0F /* Main.storyboard */; };
		55D4610627106EA900126D0F /* Assets.xcassets in Resources */ = {isa = PBXBuildFile; fileRef = 55D4610527106EA900126D0F /* Assets.xcassets */; };
		55D4610927106EA900126D0F /* LaunchScreen.storyboard in Resources */ = {isa = PBXBuildFile; fileRef = 55D4610727106EA900126D0F /* LaunchScreen.storyboard */; };
/* End PBXBuildFile section */

/* Begin PBXFileReference section */
		55D460B7270DB7A100126D0F /* day_01.app */ = {isa = PBXFileReference; explicitFileType = wrapper.application; includeInIndex = 0; path = day_01.app; sourceTree = BUILT_PRODUCTS_DIR; };
		55D460BA270DB7A100126D0F /* AppDelegate.swift */ = {isa = PBXFileReference; lastKnownFileType = sourcecode.swift; path = AppDelegate.swift; sourceTree = "<group>"; };
		55D460BC270DB7A100126D0F /* SceneDelegate.swift */ = {isa = PBXFileReference; lastKnownFileType = sourcecode.swift; path = SceneDelegate.swift; sourceTree = "<group>"; };
		55D460BE270DB7A100126D0F /* ViewController.swift */ = {isa = PBXFileReference; lastKnownFileType = sourcecode.swift; path = ViewController.swift; sourceTree = "<group>"; };
		55D460C1270DB7A100126D0F /* Base */ = {isa = PBXFileReference; lastKnownFileType = file.storyboard; name = Base; path = Base.lproj/Main.storyboard; sourceTree = "<group>"; };
		55D460C3270DB7A200126D0F /* Assets.xcassets */ = {isa = PBXFileReference; lastKnownFileType = folder.assetcatalog; path = Assets.xcassets; sourceTree = "<group>"; };
		55D460C6270DB7A200126D0F /* Base */ = {isa = PBXFileReference; lastKnownFileType = file.storyboard; name = Base; path = Base.lproj/LaunchScreen.storyboard; sourceTree = "<group>"; };
		55D460C8270DB7A200126D0F /* Info.plist */ = {isa = PBXFileReference; lastKnownFileType = text.plist.xml; path = Info.plist; sourceTree = "<group>"; };
		55D460D3270DBD2A00126D0F /* imageViewTarget.app */ = {isa = PBXFileReference; explicitFileType = wrapper.application; includeInIndex = 0; path = imageViewTarget.app; sourceTree = BUILT_PRODUCTS_DIR; };
		55D460D5270DBD2A00126D0F /* AppDelegate.swift */ = {isa = PBXFileReference; lastKnownFileType = sourcecode.swift; path = AppDelegate.swift; sourceTree = "<group>"; };
		55D460D7270DBD2A00126D0F /* SceneDelegate.swift */ = {isa = PBXFileReference; lastKnownFileType = sourcecode.swift; path = SceneDelegate.swift; sourceTree = "<group>"; };
		55D460D9270DBD2A00126D0F /* ViewController.swift */ = {isa = PBXFileReference; lastKnownFileType = sourcecode.swift; path = ViewController.swift; sourceTree = "<group>"; };
		55D460DC270DBD2A00126D0F /* Base */ = {isa = PBXFileReference; lastKnownFileType = file.storyboard; name = Base; path = Base.lproj/Main.storyboard; sourceTree = "<group>"; };
		55D460DE270DBD2B00126D0F /* Assets.xcassets */ = {isa = PBXFileReference; lastKnownFileType = folder.assetcatalog; path = Assets.xcassets; sourceTree = "<group>"; };
		55D460E1270DBD2B00126D0F /* Base */ = {isa = PBXFileReference; lastKnownFileType = file.storyboard; name = Base; path = Base.lproj/LaunchScreen.storyboard; sourceTree = "<group>"; };
		55D460E3270DBD2B00126D0F /* Info.plist */ = {isa = PBXFileReference; lastKnownFileType = text.plist.xml; path = Info.plist; sourceTree = "<group>"; };
		55D460EC270DC1F700126D0F /* wine01.png */ = {isa = PBXFileReference; lastKnownFileType = image.png; path = wine01.png; sourceTree = "<group>"; };
		55D460ED270DC1F700126D0F /* wine02.png */ = {isa = PBXFileReference; lastKnownFileType = image.png; path = wine02.png; sourceTree = "<group>"; };
		55D460FA27106EA700126D0F /* imageViewer.app */ = {isa = PBXFileReference; explicitFileType = wrapper.application; includeInIndex = 0; path = imageViewer.app; sourceTree = BUILT_PRODUCTS_DIR; };
		55D460FC27106EA700126D0F /* AppDelegate.swift */ = {isa = PBXFileReference; lastKnownFileType = sourcecode.swift; path = AppDelegate.swift; sourceTree = "<group>"; };
		55D460FE27106EA700126D0F /* SceneDelegate.swift */ = {isa = PBXFileReference; lastKnownFileType = sourcecode.swift; path = SceneDelegate.swift; sourceTree = "<group>"; };
		55D4610027106EA700126D0F /* ViewController.swift */ = {isa = PBXFileReference; lastKnownFileType = sourcecode.swift; path = ViewController.swift; sourceTree = "<group>"; };
		55D4610327106EA700126D0F /* Base */ = {isa = PBXFileReference; lastKnownFileType = file.storyboard; name = Base; path = Base.lproj/Main.storyboard; sourceTree = "<group>"; };
		55D4610527106EA900126D0F /* Assets.xcassets */ = {isa = PBXFileReference; lastKnownFileType = folder.assetcatalog; path = Assets.xcassets; sourceTree = "<group>"; };
		55D4610827106EA900126D0F /* Base */ = {isa = PBXFileReference; lastKnownFileType = file.storyboard; name = Base; path = Base.lproj/LaunchScreen.storyboard; sourceTree = "<group>"; };
		55D4610A27106EA900126D0F /* Info.plist */ = {isa = PBXFileReference; lastKnownFileType = text.plist.xml; path = Info.plist; sourceTree = "<group>"; };
/* End PBXFileReference section */

/* Begin PBXFrameworksBuildPhase section */
		55D460B4270DB7A100126D0F /* Frameworks */ = {
			isa = PBXFrameworksBuildPhase;
			buildActionMask = 2147483647;
			files = (
			);
			runOnlyForDeploymentPostprocessing = 0;
		};
		55D460D0270DBD2A00126D0F /* Frameworks */ = {
			isa = PBXFrameworksBuildPhase;
			buildActionMask = 2147483647;
			files = (
			);
			runOnlyForDeploymentPostprocessing = 0;
		};
		55D460F727106EA700126D0F /* Frameworks */ = {
			isa = PBXFrameworksBuildPhase;
			buildActionMask = 2147483647;
			files = (
			);
			runOnlyForDeploymentPostprocessing = 0;
		};
/* End PBXFrameworksBuildPhase section */

/* Begin PBXGroup section */
		55D460AE270DB7A100126D0F = {
			isa = PBXGroup;
			children = (
				55D460E9270DBEE900126D0F /* img */,
				55D460B9270DB7A100126D0F /* day_01 */,
				55D460D4270DBD2A00126D0F /* imageViewTarget */,
				55D460FB27106EA700126D0F /* imageViewer */,
				55D460B8270DB7A100126D0F /* Products */,
			);
			sourceTree = "<group>";
		};
		55D460B8270DB7A100126D0F /* Products */ = {
			isa = PBXGroup;
			children = (
				55D460B7270DB7A100126D0F /* day_01.app */,
				55D460D3270DBD2A00126D0F /* imageViewTarget.app */,
				55D460FA27106EA700126D0F /* imageViewer.app */,
			);
			name = Products;
			sourceTree = "<group>";
		};
		55D460B9270DB7A100126D0F /* day_01 */ = {
			isa = PBXGroup;
			children = (
				55D460BA270DB7A100126D0F /* AppDelegate.swift */,
				55D460BC270DB7A100126D0F /* SceneDelegate.swift */,
				55D460BE270DB7A100126D0F /* ViewController.swift */,
				55D460C0270DB7A100126D0F /* Main.storyboard */,
				55D460C3270DB7A200126D0F /* Assets.xcassets */,
				55D460C5270DB7A200126D0F /* LaunchScreen.storyboard */,
				55D460C8270DB7A200126D0F /* Info.plist */,
			);
			path = day_01;
			sourceTree = "<group>";
		};
		55D460D4270DBD2A00126D0F /* imageViewTarget */ = {
			isa = PBXGroup;
			children = (
				55D460D5270DBD2A00126D0F /* AppDelegate.swift */,
				55D460D7270DBD2A00126D0F /* SceneDelegate.swift */,
				55D460D9270DBD2A00126D0F /* ViewController.swift */,
				55D460DB270DBD2A00126D0F /* Main.storyboard */,
				55D460DE270DBD2B00126D0F /* Assets.xcassets */,
				55D460E0270DBD2B00126D0F /* LaunchScreen.storyboard */,
				55D460E3270DBD2B00126D0F /* Info.plist */,
			);
			path = imageViewTarget;
			sourceTree = "<group>";
		};
		55D460E9270DBEE900126D0F /* img */ = {
			isa = PBXGroup;
			children = (
				55D460EC270DC1F700126D0F /* wine01.png */,
				55D460ED270DC1F700126D0F /* wine02.png */,
			);
			path = img;
			sourceTree = "<group>";
		};
		55D460FB27106EA700126D0F /* imageViewer */ = {
			isa = PBXGroup;
			children = (
				55D460FC27106EA700126D0F /* AppDelegate.swift */,
				55D460FE27106EA700126D0F /* SceneDelegate.swift */,
				55D4610027106EA700126D0F /* ViewController.swift */,
				55D4610227106EA700126D0F /* Main.storyboard */,
				55D4610527106EA900126D0F /* Assets.xcassets */,
				55D4610727106EA900126D0F /* LaunchScreen.storyboard */,
				55D4610A27106EA900126D0F /* Info.plist */,
			);
			path = imageViewer;
			sourceTree = "<group>";
		};
/* End PBXGroup section */

/* Begin PBXNativeTarget section */
		55D460B6270DB7A100126D0F /* day_01 */ = {
			isa = PBXNativeTarget;
			buildConfigurationList = 55D460CB270DB7A200126D0F /* Build configuration list for PBXNativeTarget "day_01" */;
			buildPhases = (
				55D460B3270DB7A100126D0F /* Sources */,
				55D460B4270DB7A100126D0F /* Frameworks */,
				55D460B5270DB7A100126D0F /* Resources */,
			);
			buildRules = (
			);
			dependencies = (
			);
			name = day_01;
			productName = day_01;
			productReference = 55D460B7270DB7A100126D0F /* day_01.app */;
			productType = "com.apple.product-type.application";
		};
		55D460D2270DBD2A00126D0F /* imageViewTarget */ = {
			isa = PBXNativeTarget;
			buildConfigurationList = 55D460E4270DBD2B00126D0F /* Build configuration list for PBXNativeTarget "imageViewTarget" */;
			buildPhases = (
				55D460CF270DBD2A00126D0F /* Sources */,
				55D460D0270DBD2A00126D0F /* Frameworks */,
				55D460D1270DBD2A00126D0F /* Resources */,
			);
			buildRules = (
			);
			dependencies = (
			);
			name = imageViewTarget;
			productName = imageViewTarget;
			productReference = 55D460D3270DBD2A00126D0F /* imageViewTarget.app */;
			productType = "com.apple.product-type.application";
		};
		55D460F927106EA700126D0F /* imageViewer */ = {
			isa = PBXNativeTarget;
			buildConfigurationList = 55D4610B27106EA900126D0F /* Build configuration list for PBXNativeTarget "imageViewer" */;
			buildPhases = (
				55D460F627106EA700126D0F /* Sources */,
				55D460F727106EA700126D0F /* Frameworks */,
				55D460F827106EA700126D0F /* Resources */,
			);
			buildRules = (
			);
			dependencies = (
			);
			name = imageViewer;
			productName = imageViewer;
			productReference = 55D460FA27106EA700126D0F /* imageViewer.app */;
			productType = "com.apple.product-type.application";
		};
/* End PBXNativeTarget section */

/* Begin PBXProject section */
		55D460AF270DB7A100126D0F /* Project object */ = {
			isa = PBXProject;
			attributes = {
				LastSwiftUpdateCheck = 1240;
				LastUpgradeCheck = 1240;
				TargetAttributes = {
					55D460B6270DB7A100126D0F = {
						CreatedOnToolsVersion = 12.4;
					};
					55D460D2270DBD2A00126D0F = {
						CreatedOnToolsVersion = 12.4;
					};
					55D460F927106EA700126D0F = {
						CreatedOnToolsVersion = 12.4;
					};
				};
			};
			buildConfigurationList = 55D460B2270DB7A100126D0F /* Build configuration list for PBXProject "day_01" */;
			compatibilityVersion = "Xcode 9.3";
			developmentRegion = en;
			hasScannedForEncodings = 0;
			knownRegions = (
				en,
				Base,
			);
			mainGroup = 55D460AE270DB7A100126D0F;
			productRefGroup = 55D460B8270DB7A100126D0F /* Products */;
			projectDirPath = "";
			projectRoot = "";
			targets = (
				55D460B6270DB7A100126D0F /* day_01 */,
				55D460D2270DBD2A00126D0F /* imageViewTarget */,
				55D460F927106EA700126D0F /* imageViewer */,
			);
		};
/* End PBXProject section */

/* Begin PBXResourcesBuildPhase section */
		55D460B5270DB7A100126D0F /* Resources */ = {
			isa = PBXResourcesBuildPhase;
			buildActionMask = 2147483647;
			files = (
				55D460C7270DB7A200126D0F /* LaunchScreen.storyboard in Resources */,
				55D460EE270DC1F700126D0F /* wine01.png in Resources */,
				55D460F0270DC1F700126D0F /* wine02.png in Resources */,
				55D460C4270DB7A200126D0F /* Assets.xcassets in Resources */,
				55D460C2270DB7A100126D0F /* Main.storyboard in Resources */,
			);
			runOnlyForDeploymentPostprocessing = 0;
		};
		55D460D1270DBD2A00126D0F /* Resources */ = {
			isa = PBXResourcesBuildPhase;
			buildActionMask = 2147483647;
			files = (
				55D460E2270DBD2B00126D0F /* LaunchScreen.storyboard in Resources */,
				55D460EF270DC1F700126D0F /* wine01.png in Resources */,
				55D460F1270DC1F700126D0F /* wine02.png in Resources */,
				55D460DF270DBD2B00126D0F /* Assets.xcassets in Resources */,
				55D460DD270DBD2A00126D0F /* Main.storyboard in Resources */,
			);
			runOnlyForDeploymentPostprocessing = 0;
		};
		55D460F827106EA700126D0F /* Resources */ = {
			isa = PBXResourcesBuildPhase;
			buildActionMask = 2147483647;
			files = (
				55D4610927106EA900126D0F /* LaunchScreen.storyboard in Resources */,
				55D4610627106EA900126D0F /* Assets.xcassets in Resources */,
				55D4610427106EA700126D0F /* Main.storyboard in Resources */,
			);
			runOnlyForDeploymentPostprocessing = 0;
		};
/* End PBXResourcesBuildPhase section */

/* Begin PBXSourcesBuildPhase section */
		55D460B3270DB7A100126D0F /* Sources */ = {
			isa = PBXSourcesBuildPhase;
			buildActionMask = 2147483647;
			files = (
				55D460BF270DB7A100126D0F /* ViewController.swift in Sources */,
				55D460BB270DB7A100126D0F /* AppDelegate.swift in Sources */,
				55D460BD270DB7A100126D0F /* SceneDelegate.swift in Sources */,
			);
			runOnlyForDeploymentPostprocessing = 0;
		};
		55D460CF270DBD2A00126D0F /* Sources */ = {
			isa = PBXSourcesBuildPhase;
			buildActionMask = 2147483647;
			files = (
				55D460DA270DBD2A00126D0F /* ViewController.swift in Sources */,
				55D460D6270DBD2A00126D0F /* AppDelegate.swift in Sources */,
				55D460D8270DBD2A00126D0F /* SceneDelegate.swift in Sources */,
			);
			runOnlyForDeploymentPostprocessing = 0;
		};
		55D460F627106EA700126D0F /* Sources */ = {
			isa = PBXSourcesBuildPhase;
			buildActionMask = 2147483647;
			files = (
				55D4610127106EA700126D0F /* ViewController.swift in Sources */,
				55D460FD27106EA700126D0F /* AppDelegate.swift in Sources */,
				55D460FF27106EA700126D0F /* SceneDelegate.swift in Sources */,
			);
			runOnlyForDeploymentPostprocessing = 0;
		};
/* End PBXSourcesBuildPhase section */

/* Begin PBXVariantGroup section */
		55D460C0270DB7A100126D0F /* Main.storyboard */ = {
			isa = PBXVariantGroup;
			children = (
				55D460C1270DB7A100126D0F /* Base */,
			);
			name = Main.storyboard;
			sourceTree = "<group>";
		};
		55D460C5270DB7A200126D0F /* LaunchScreen.storyboard */ = {
			isa = PBXVariantGroup;
			children = (
				55D460C6270DB7A200126D0F /* Base */,
			);
			name = LaunchScreen.storyboard;
			sourceTree = "<group>";
		};
		55D460DB270DBD2A00126D0F /* Main.storyboard */ = {
			isa = PBXVariantGroup;
			children = (
				55D460DC270DBD2A00126D0F /* Base */,
			);
			name = Main.storyboard;
			sourceTree = "<group>";
		};
		55D460E0270DBD2B00126D0F /* LaunchScreen.storyboard */ = {
			isa = PBXVariantGroup;
			children = (
				55D460E1270DBD2B00126D0F /* Base */,
			);
			name = LaunchScreen.storyboard;
			sourceTree = "<group>";
		};
		55D4610227106EA700126D0F /* Main.storyboard */ = {
			isa = PBXVariantGroup;
			children = (
				55D4610327106EA700126D0F /* Base */,
			);
			name = Main.storyboard;
			sourceTree = "<group>";
		};
		55D4610727106EA900126D0F /* LaunchScreen.storyboard */ = {
			isa = PBXVariantGroup;
			children = (
				55D4610827106EA900126D0F /* Base */,
			);
			name = LaunchScreen.storyboard;
			sourceTree = "<group>";
		};
/* End PBXVariantGroup section */

/* Begin XCBuildConfiguration section */
		55D460C9270DB7A200126D0F /* Debug */ = {
			isa = XCBuildConfiguration;
			buildSettings = {
				ALWAYS_SEARCH_USER_PATHS = NO;
				CLANG_ANALYZER_NONNULL = YES;
				CLANG_ANALYZER_NUMBER_OBJECT_CONVERSION = YES_AGGRESSIVE;
				CLANG_CXX_LANGUAGE_STANDARD = "gnu++14";
				CLANG_CXX_LIBRARY = "libc++";
				CLANG_ENABLE_MODULES = YES;
				CLANG_ENABLE_OBJC_ARC = YES;
				CLANG_ENABLE_OBJC_WEAK = YES;
				CLANG_WARN_BLOCK_CAPTURE_AUTORELEASING = YES;
				CLANG_WARN_BOOL_CONVERSION = YES;
				CLANG_WARN_COMMA = YES;
				CLANG_WARN_CONSTANT_CONVERSION = YES;
				CLANG_WARN_DEPRECATED_OBJC_IMPLEMENTATIONS = YES;
				CLANG_WARN_DIRECT_OBJC_ISA_USAGE = YES_ERROR;
				CLANG_WARN_DOCUMENTATION_COMMENTS = YES;
				CLANG_WARN_EMPTY_BODY = YES;
				CLANG_WARN_ENUM_CONVERSION = YES;
				CLANG_WARN_INFINITE_RECURSION = YES;
				CLANG_WARN_INT_CONVERSION = YES;
				CLANG_WARN_NON_LITERAL_NULL_CONVERSION = YES;
				CLANG_WARN_OBJC_IMPLICIT_RETAIN_SELF = YES;
				CLANG_WARN_OBJC_LITERAL_CONVERSION = YES;
				CLANG_WARN_OBJC_ROOT_CLASS = YES_ERROR;
				CLANG_WARN_QUOTED_INCLUDE_IN_FRAMEWORK_HEADER = YES;
				CLANG_WARN_RANGE_LOOP_ANALYSIS = YES;
				CLANG_WARN_STRICT_PROTOTYPES = YES;
				CLANG_WARN_SUSPICIOUS_MOVE = YES;
				CLANG_WARN_UNGUARDED_AVAILABILITY = YES_AGGRESSIVE;
				CLANG_WARN_UNREACHABLE_CODE = YES;
				CLANG_WARN__DUPLICATE_METHOD_MATCH = YES;
				COPY_PHASE_STRIP = NO;
				DEBUG_INFORMATION_FORMAT = dwarf;
				ENABLE_STRICT_OBJC_MSGSEND = YES;
				ENABLE_TESTABILITY = YES;
				GCC_C_LANGUAGE_STANDARD = gnu11;
				GCC_DYNAMIC_NO_PIC = NO;
				GCC_NO_COMMON_BLOCKS = YES;
				GCC_OPTIMIZATION_LEVEL = 0;
				GCC_PREPROCESSOR_DEFINITIONS = (
					"DEBUG=1",
					"$(inherited)",
				);
				GCC_WARN_64_TO_32_BIT_CONVERSION = YES;
				GCC_WARN_ABOUT_RETURN_TYPE = YES_ERROR;
				GCC_WARN_UNDECLARED_SELECTOR = YES;
				GCC_WARN_UNINITIALIZED_AUTOS = YES_AGGRESSIVE;
				GCC_WARN_UNUSED_FUNCTION = YES;
				GCC_WARN_UNUSED_VARIABLE = YES;
				IPHONEOS_DEPLOYMENT_TARGET = 14.4;
				MTL_ENABLE_DEBUG_INFO = INCLUDE_SOURCE;
				MTL_FAST_MATH = YES;
				ONLY_ACTIVE_ARCH = YES;
				SDKROOT = iphoneos;
				SWIFT_ACTIVE_COMPILATION_CONDITIONS = DEBUG;
				SWIFT_OPTIMIZATION_LEVEL = "-Onone";
			};
			name = Debug;
		};
		55D460CA270DB7A200126D0F /* Release */ = {
			isa = XCBuildConfiguration;
			buildSettings = {
				ALWAYS_SEARCH_USER_PATHS = NO;
				CLANG_ANALYZER_NONNULL = YES;
				CLANG_ANALYZER_NUMBER_OBJECT_CONVERSION = YES_AGGRESSIVE;
				CLANG_CXX_LANGUAGE_STANDARD = "gnu++14";
				CLANG_CXX_LIBRARY = "libc++";
				CLANG_ENABLE_MODULES = YES;
				CLANG_ENABLE_OBJC_ARC = YES;
				CLANG_ENABLE_OBJC_WEAK = YES;
				CLANG_WARN_BLOCK_CAPTURE_AUTORELEASING = YES;
				CLANG_WARN_BOOL_CONVERSION = YES;
				CLANG_WARN_COMMA = YES;
				CLANG_WARN_CONSTANT_CONVERSION = YES;
				CLANG_WARN_DEPRECATED_OBJC_IMPLEMENTATIONS = YES;
				CLANG_WARN_DIRECT_OBJC_ISA_USAGE = YES_ERROR;
				CLANG_WARN_DOCUMENTATION_COMMENTS = YES;
				CLANG_WARN_EMPTY_BODY = YES;
				CLANG_WARN_ENUM_CONVERSION = YES;
				CLANG_WARN_INFINITE_RECURSION = YES;
				CLANG_WARN_INT_CONVERSION = YES;
				CLANG_WARN_NON_LITERAL_NULL_CONVERSION = YES;
				CLANG_WARN_OBJC_IMPLICIT_RETAIN_SELF = YES;
				CLANG_WARN_OBJC_LITERAL_CONVERSION = YES;
				CLANG_WARN_OBJC_ROOT_CLASS = YES_ERROR;
				CLANG_WARN_QUOTED_INCLUDE_IN_FRAMEWORK_HEADER = YES;
				CLANG_WARN_RANGE_LOOP_ANALYSIS = YES;
				CLANG_WARN_STRICT_PROTOTYPES = YES;
				CLANG_WARN_SUSPICIOUS_MOVE = YES;
				CLANG_WARN_UNGUARDED_AVAILABILITY = YES_AGGRESSIVE;
				CLANG_WARN_UNREACHABLE_CODE = YES;
				CLANG_WARN__DUPLICATE_METHOD_MATCH = YES;
				COPY_PHASE_STRIP = NO;
				DEBUG_INFORMATION_FORMAT = "dwarf-with-dsym";
				ENABLE_NS_ASSERTIONS = NO;
				ENABLE_STRICT_OBJC_MSGSEND = YES;
				GCC_C_LANGUAGE_STANDARD = gnu11;
				GCC_NO_COMMON_BLOCKS = YES;
				GCC_WARN_64_TO_32_BIT_CONVERSION = YES;
				GCC_WARN_ABOUT_RETURN_TYPE = YES_ERROR;
				GCC_WARN_UNDECLARED_SELECTOR = YES;
				GCC_WARN_UNINITIALIZED_AUTOS = YES_AGGRESSIVE;
				GCC_WARN_UNUSED_FUNCTION = YES;
				GCC_WARN_UNUSED_VARIABLE = YES;
				IPHONEOS_DEPLOYMENT_TARGET = 14.4;
				MTL_ENABLE_DEBUG_INFO = NO;
				MTL_FAST_MATH = YES;
				SDKROOT = iphoneos;
				SWIFT_COMPILATION_MODE = wholemodule;
				SWIFT_OPTIMIZATION_LEVEL = "-O";
				VALIDATE_PRODUCT = YES;
			};
			name = Release;
		};
		55D460CC270DB7A200126D0F /* Debug */ = {
			isa = XCBuildConfiguration;
			buildSettings = {
				ASSETCATALOG_COMPILER_APPICON_NAME = AppIcon;
				ASSETCATALOG_COMPILER_GLOBAL_ACCENT_COLOR_NAME = AccentColor;
				CODE_SIGN_STYLE = Automatic;
				INFOPLIST_FILE = day_01/Info.plist;
				LD_RUNPATH_SEARCH_PATHS = (
					"$(inherited)",
					"@executable_path/Frameworks",
				);
				PRODUCT_BUNDLE_IDENTIFIER = "com.bonnie.day-01";
				PRODUCT_NAME = "$(TARGET_NAME)";
				SWIFT_VERSION = 5.0;
				TARGETED_DEVICE_FAMILY = "1,2";
			};
			name = Debug;
		};
		55D460CD270DB7A200126D0F /* Release */ = {
			isa = XCBuildConfiguration;
			buildSettings = {
				ASSETCATALOG_COMPILER_APPICON_NAME = AppIcon;
				ASSETCATALOG_COMPILER_GLOBAL_ACCENT_COLOR_NAME = AccentColor;
				CODE_SIGN_STYLE = Automatic;
				INFOPLIST_FILE = day_01/Info.plist;
				LD_RUNPATH_SEARCH_PATHS = (
					"$(inherited)",
					"@executable_path/Frameworks",
				);
				PRODUCT_BUNDLE_IDENTIFIER = "com.bonnie.day-01";
				PRODUCT_NAME = "$(TARGET_NAME)";
				SWIFT_VERSION = 5.0;
				TARGETED_DEVICE_FAMILY = "1,2";
			};
			name = Release;
		};
		55D460E5270DBD2B00126D0F /* Debug */ = {
			isa = XCBuildConfiguration;
			buildSettings = {
				ASSETCATALOG_COMPILER_APPICON_NAME = AppIcon;
				ASSETCATALOG_COMPILER_GLOBAL_ACCENT_COLOR_NAME = AccentColor;
				CODE_SIGN_STYLE = Automatic;
				DEVELOPMENT_TEAM = 8545YBZ2T8;
				INFOPLIST_FILE = imageViewTarget/Info.plist;
				LD_RUNPATH_SEARCH_PATHS = (
					"$(inherited)",
					"@executable_path/Frameworks",
				);
				PRODUCT_BUNDLE_IDENTIFIER = com.bonnie.imageViewTarget;
				PRODUCT_NAME = "$(TARGET_NAME)";
				SWIFT_VERSION = 5.0;
				TARGETED_DEVICE_FAMILY = "1,2";
			};
			name = Debug;
		};
		55D460E6270DBD2B00126D0F /* Release */ = {
			isa = XCBuildConfiguration;
			buildSettings = {
				ASSETCATALOG_COMPILER_APPICON_NAME = AppIcon;
				ASSETCATALOG_COMPILER_GLOBAL_ACCENT_COLOR_NAME = AccentColor;
				CODE_SIGN_STYLE = Automatic;
				DEVELOPMENT_TEAM = 8545YBZ2T8;
				INFOPLIST_FILE = imageViewTarget/Info.plist;
				LD_RUNPATH_SEARCH_PATHS = (
					"$(inherited)",
					"@executable_path/Frameworks",
				);
				PRODUCT_BUNDLE_IDENTIFIER = com.bonnie.imageViewTarget;
				PRODUCT_NAME = "$(TARGET_NAME)";
				SWIFT_VERSION = 5.0;
				TARGETED_DEVICE_FAMILY = "1,2";
			};
			name = Release;
		};
		55D4610C27106EA900126D0F /* Debug */ = {
			isa = XCBuildConfiguration;
			buildSettings = {
				ASSETCATALOG_COMPILER_APPICON_NAME = AppIcon;
				ASSETCATALOG_COMPILER_GLOBAL_ACCENT_COLOR_NAME = AccentColor;
				CODE_SIGN_STYLE = Automatic;
				INFOPLIST_FILE = imageViewer/Info.plist;
				LD_RUNPATH_SEARCH_PATHS = (
					"$(inherited)",
					"@executable_path/Frameworks",
				);
				PRODUCT_BUNDLE_IDENTIFIER = com.bonnie.imageViewer;
				PRODUCT_NAME = "$(TARGET_NAME)";
				SWIFT_VERSION = 5.0;
				TARGETED_DEVICE_FAMILY = "1,2";
			};
			name = Debug;
		};
		55D4610D27106EA900126D0F /* Release */ = {
			isa = XCBuildConfiguration;
			buildSettings = {
				ASSETCATALOG_COMPILER_APPICON_NAME = AppIcon;
				ASSETCATALOG_COMPILER_GLOBAL_ACCENT_COLOR_NAME = AccentColor;
				CODE_SIGN_STYLE = Automatic;
				INFOPLIST_FILE = imageViewer/Info.plist;
				LD_RUNPATH_SEARCH_PATHS = (
					"$(inherited)",
					"@executable_path/Frameworks",
				);
				PRODUCT_BUNDLE_IDENTIFIER = com.bonnie.imageViewer;
				PRODUCT_NAME = "$(TARGET_NAME)";
				SWIFT_VERSION = 5.0;
				TARGETED_DEVICE_FAMILY = "1,2";
			};
			name = Release;
		};
/* End XCBuildConfiguration section */

/* Begin XCConfigurationList section */
		55D460B2270DB7A100126D0F /* Build configuration list for PBXProject "day_01" */ = {
			isa = XCConfigurationList;
			buildConfigurations = (
				55D460C9270DB7A200126D0F /* Debug */,
				55D460CA270DB7A200126D0F /* Release */,
			);
			defaultConfigurationIsVisible = 0;
			defaultConfigurationName = Release;
		};
		55D460CB270DB7A200126D0F /* Build configuration list for PBXNativeTarget "day_01" */ = {
			isa = XCConfigurationList;
			buildConfigurations = (
				55D460CC270DB7A200126D0F /* Debug */,
				55D460CD270DB7A200126D0F /* Release */,
			);
			defaultConfigurationIsVisible = 0;
			defaultConfigurationName = Release;
		};
		55D460E4270DBD2B00126D0F /* Build configuration list for PBXNativeTarget "imageViewTarget" */ = {
			isa = XCConfigurationList;
			buildConfigurations = (
				55D460E5270DBD2B00126D0F /* Debug */,
				55D460E6270DBD2B00126D0F /* Release */,
			);
			defaultConfigurationIsVisible = 0;
			defaultConfigurationName = Release;
		};
		55D4610B27106EA900126D0F /* Build configuration list for PBXNativeTarget "imageViewer" */ = {
			isa = XCConfigurationList;
			buildConfigurations = (
				55D4610C27106EA900126D0F /* Debug */,
				55D4610D27106EA900126D0F /* Release */,
			);
			defaultConfigurationIsVisible = 0;
			defaultConfigurationName = Release;
		};
/* End XCConfigurationList section */
	};
	rootObject = 55D460AF270DB7A100126D0F /* Project object */;
}
